// !$*UTF8*$!
{
	archiveVersion = 1;
	classes = {
	};
	objectVersion = 56;
	objects = {

/* Begin PBXBuildFile section */
		94035A0929BDCDE3008F6D96 /* SettingTableViewCell.swift in Sources */ = {isa = PBXBuildFile; fileRef = 94035A0729BDCDE3008F6D96 /* SettingTableViewCell.swift */; };
		94035A0A29BDCDE3008F6D96 /* SettingTableViewCell.xib in Resources */ = {isa = PBXBuildFile; fileRef = 94035A0829BDCDE3008F6D96 /* SettingTableViewCell.xib */; };
		94035A1129BDD6D8008F6D96 /* AlarmSetting.storyboard in Resources */ = {isa = PBXBuildFile; fileRef = 94035A1029BDD6D8008F6D96 /* AlarmSetting.storyboard */; };
		94035A1329BDD7D7008F6D96 /* SettingModel.swift in Sources */ = {isa = PBXBuildFile; fileRef = 94035A1229BDD7D7008F6D96 /* SettingModel.swift */; };
		94035A1529BDDFCC008F6D96 /* AlarmSettingViewController.swift in Sources */ = {isa = PBXBuildFile; fileRef = 94035A1429BDDFCC008F6D96 /* AlarmSettingViewController.swift */; };
		94035A1729BDE11A008F6D96 /* DataResetPopupViewController.swift in Sources */ = {isa = PBXBuildFile; fileRef = 94035A1629BDE11A008F6D96 /* DataResetPopupViewController.swift */; };
		94035A1A29BDE156008F6D96 /* DataResetPopup.storyboard in Resources */ = {isa = PBXBuildFile; fileRef = 94035A1929BDE156008F6D96 /* DataResetPopup.storyboard */; };
		9406C2E6290159F4002FA72B /* ItemListHeaderPageModel.swift in Sources */ = {isa = PBXBuildFile; fileRef = 9406C2E5290159F4002FA72B /* ItemListHeaderPageModel.swift */; };
		940B0F9928F03AF8003AFE8C /* UIButton+Utils.swift in Sources */ = {isa = PBXBuildFile; fileRef = 940B0F9828F03AF8003AFE8C /* UIButton+Utils.swift */; };
		940B0F9B28F03D81003AFE8C /* showItemInfoDetailButton.swift in Sources */ = {isa = PBXBuildFile; fileRef = 940B0F9A28F03D81003AFE8C /* showItemInfoDetailButton.swift */; };
		94122FF128DC5FE7004DEED6 /* UIColor+Utils.swift in Sources */ = {isa = PBXBuildFile; fileRef = 94122FF028DC5FE7004DEED6 /* UIColor+Utils.swift */; };
		94122FF328DC60DF004DEED6 /* UIFont+Utils.swift in Sources */ = {isa = PBXBuildFile; fileRef = 94122FF228DC60DF004DEED6 /* UIFont+Utils.swift */; };
		94122FF528DC6613004DEED6 /* TabBarController.swift in Sources */ = {isa = PBXBuildFile; fileRef = 94122FF428DC6613004DEED6 /* TabBarController.swift */; };
		941657EF29D064240023D464 /* VisionTextRecognizer.swift in Sources */ = {isa = PBXBuildFile; fileRef = 941657EE29D064240023D464 /* VisionTextRecognizer.swift */; };
		941BF55128FC1EDD006C8E28 /* HomeCustomHeader.swift in Sources */ = {isa = PBXBuildFile; fileRef = 941BF55028FC1EDD006C8E28 /* HomeCustomHeader.swift */; };
		941BF55728FC2012006C8E28 /* HomeCustomHeader.xib in Resources */ = {isa = PBXBuildFile; fileRef = 941BF55628FC2012006C8E28 /* HomeCustomHeader.xib */; };
		941BF55A28FC380E006C8E28 /* HomeItemCell.swift in Sources */ = {isa = PBXBuildFile; fileRef = 941BF55828FC380E006C8E28 /* HomeItemCell.swift */; };
		941BF55B28FC380E006C8E28 /* HomeItemCell.xib in Resources */ = {isa = PBXBuildFile; fileRef = 941BF55928FC380E006C8E28 /* HomeItemCell.xib */; };
		941BF55E28FC38B6006C8E28 /* HomeItemCollectionViewCell.swift in Sources */ = {isa = PBXBuildFile; fileRef = 941BF55C28FC38B6006C8E28 /* HomeItemCollectionViewCell.swift */; };
		941BF55F28FC38B6006C8E28 /* HomeItemCollectionViewCell.xib in Resources */ = {isa = PBXBuildFile; fileRef = 941BF55D28FC38B6006C8E28 /* HomeItemCollectionViewCell.xib */; };
		942007CF28DDC6B40092B699 /* ItemCell.swift in Sources */ = {isa = PBXBuildFile; fileRef = 942007CD28DDC6B40092B699 /* ItemCell.swift */; };
		942007D028DDC6B40092B699 /* ItemCell.xib in Resources */ = {isa = PBXBuildFile; fileRef = 942007CE28DDC6B40092B699 /* ItemCell.xib */; };
		942007D228DDDA020092B699 /* CameraViewController.swift in Sources */ = {isa = PBXBuildFile; fileRef = 942007D128DDDA020092B699 /* CameraViewController.swift */; };
		942007D428DDDA120092B699 /* Camera.storyboard in Resources */ = {isa = PBXBuildFile; fileRef = 942007D328DDDA120092B699 /* Camera.storyboard */; };
		942007D628DDE0A20092B699 /* ItemViewPresenter.swift in Sources */ = {isa = PBXBuildFile; fileRef = 942007D528DDE0A20092B699 /* ItemViewPresenter.swift */; };
		942007D828DDE10D0092B699 /* ExpirationDate.swift in Sources */ = {isa = PBXBuildFile; fileRef = 942007D728DDE10D0092B699 /* ExpirationDate.swift */; };
		942007DB28DDE6740092B699 /* ItemImageCell.swift in Sources */ = {isa = PBXBuildFile; fileRef = 942007D928DDE6740092B699 /* ItemImageCell.swift */; };
		942007DC28DDE6740092B699 /* ItemImageCell.xib in Resources */ = {isa = PBXBuildFile; fileRef = 942007DA28DDE6740092B699 /* ItemImageCell.xib */; };
		942E3FFE29B49B4200A710CD /* AppAppearance.swift in Sources */ = {isa = PBXBuildFile; fileRef = 942E3FFD29B49B4200A710CD /* AppAppearance.swift */; };
		942E400229B4BBA100A710CD /* CameraGuideView.swift in Sources */ = {isa = PBXBuildFile; fileRef = 942E400129B4BBA100A710CD /* CameraGuideView.swift */; };
		943317352917AEB4003CFB16 /* ItemDetailViewController.swift in Sources */ = {isa = PBXBuildFile; fileRef = 943317342917AEB4003CFB16 /* ItemDetailViewController.swift */; };
		943317372917AEEC003CFB16 /* ItemDetail.storyboard in Resources */ = {isa = PBXBuildFile; fileRef = 943317362917AEEC003CFB16 /* ItemDetail.storyboard */; };
		943317392917B5B2003CFB16 /* CategoryTabBarView.swift in Sources */ = {isa = PBXBuildFile; fileRef = 943317382917B5B2003CFB16 /* CategoryTabBarView.swift */; };
		9433173C2917E2A5003CFB16 /* CategoryCell.swift in Sources */ = {isa = PBXBuildFile; fileRef = 9433173A2917E2A5003CFB16 /* CategoryCell.swift */; };
		9433173D2917E2A5003CFB16 /* CategoryCell.xib in Resources */ = {isa = PBXBuildFile; fileRef = 9433173B2917E2A5003CFB16 /* CategoryCell.xib */; };
		943E716829C96C52006EFBB6 /* UIView+Utils.swift in Sources */ = {isa = PBXBuildFile; fileRef = 943E716729C96C52006EFBB6 /* UIView+Utils.swift */; };
		943EED2528FECE2300566648 /* CarouselFlowLayout.swift in Sources */ = {isa = PBXBuildFile; fileRef = 943EED2428FECE2300566648 /* CarouselFlowLayout.swift */; };
		94449A8E28D9F75C001C8BBB /* AppDelegate.swift in Sources */ = {isa = PBXBuildFile; fileRef = 94449A8D28D9F75C001C8BBB /* AppDelegate.swift */; };
		94449A9028D9F75C001C8BBB /* SceneDelegate.swift in Sources */ = {isa = PBXBuildFile; fileRef = 94449A8F28D9F75C001C8BBB /* SceneDelegate.swift */; };
		94449A9828D9F75C001C8BBB /* MoreGreen.xcdatamodeld in Sources */ = {isa = PBXBuildFile; fileRef = 94449A9628D9F75C001C8BBB /* MoreGreen.xcdatamodeld */; };
		94449A9A28D9F75D001C8BBB /* Assets.xcassets in Resources */ = {isa = PBXBuildFile; fileRef = 94449A9928D9F75D001C8BBB /* Assets.xcassets */; };
		94449A9D28D9F75D001C8BBB /* LaunchScreen.storyboard in Resources */ = {isa = PBXBuildFile; fileRef = 94449A9B28D9F75D001C8BBB /* LaunchScreen.storyboard */; };
		94481DA429BC8110009928CD /* AnimationTime.swift in Sources */ = {isa = PBXBuildFile; fileRef = 94481DA329BC8110009928CD /* AnimationTime.swift */; };
		94481DA629BC9EB4009928CD /* CameraGuidePopupViewController.swift in Sources */ = {isa = PBXBuildFile; fileRef = 94481DA529BC9EB4009928CD /* CameraGuidePopupViewController.swift */; };
		94481DA929BC9EF2009928CD /* CameraGuidePopup.storyboard in Resources */ = {isa = PBXBuildFile; fileRef = 94481DA829BC9EF2009928CD /* CameraGuidePopup.storyboard */; };
		9460320528E2E4DC00C4E0C9 /* ItemElementsCreator.swift in Sources */ = {isa = PBXBuildFile; fileRef = 9460320428E2E4DC00C4E0C9 /* ItemElementsCreator.swift */; };
		9460320728E328C300C4E0C9 /* UIImage+Utils.swift in Sources */ = {isa = PBXBuildFile; fileRef = 9460320628E328C300C4E0C9 /* UIImage+Utils.swift */; };
		9472C8B028DF03E8004E4348 /* ButtonCell.swift in Sources */ = {isa = PBXBuildFile; fileRef = 9472C8AE28DF03E8004E4348 /* ButtonCell.swift */; };
		9472C8B128DF03E8004E4348 /* ButtonCell.xib in Resources */ = {isa = PBXBuildFile; fileRef = 9472C8AF28DF03E8004E4348 /* ButtonCell.xib */; };
		9472C8B728DF2B24004E4348 /* HomeCardViewCell.swift in Sources */ = {isa = PBXBuildFile; fileRef = 9472C8B528DF2B24004E4348 /* HomeCardViewCell.swift */; };
		9472C8B828DF2B24004E4348 /* HomeCardViewCell.xib in Resources */ = {isa = PBXBuildFile; fileRef = 9472C8B628DF2B24004E4348 /* HomeCardViewCell.xib */; };
		949A66CB299CD46100986FA8 /* String+Utils.swift in Sources */ = {isa = PBXBuildFile; fileRef = 949A66CA299CD46100986FA8 /* String+Utils.swift */; };
		949B2AE128DDA2420053E70B /* ProfileViewController.swift in Sources */ = {isa = PBXBuildFile; fileRef = 949B2AE028DDA2420053E70B /* ProfileViewController.swift */; };
		949B2AE328DDA2550053E70B /* Profile.storyboard in Resources */ = {isa = PBXBuildFile; fileRef = 949B2AE228DDA2550053E70B /* Profile.storyboard */; };
		949B2AE528DDB2EA0053E70B /* NoticeListViewController.swift in Sources */ = {isa = PBXBuildFile; fileRef = 949B2AE428DDB2EA0053E70B /* NoticeListViewController.swift */; };
		949B2AE928DDBE090053E70B /* CALayer+Utils.swift in Sources */ = {isa = PBXBuildFile; fileRef = 949B2AE828DDBE090053E70B /* CALayer+Utils.swift */; };
		949B2AEB28DDBE1B0053E70B /* UITabBar+Utils.swift in Sources */ = {isa = PBXBuildFile; fileRef = 949B2AEA28DDBE1B0053E70B /* UITabBar+Utils.swift */; };
		949CD5E128E1931E001D6C67 /* 120.png in Resources */ = {isa = PBXBuildFile; fileRef = 949CD5E028E1931E001D6C67 /* 120.png */; };
		94ABA94A2906C3E60063CD3D /* UnderLinedMenuBarModel.swift in Sources */ = {isa = PBXBuildFile; fileRef = 94ABA9492906C3E60063CD3D /* UnderLinedMenuBarModel.swift */; };
		94AF3E6328DC74D800502C5B /* HomeViewController.swift in Sources */ = {isa = PBXBuildFile; fileRef = 94AF3E6228DC74D800502C5B /* HomeViewController.swift */; };
		94AF3E6528DC74E800502C5B /* Home.storyboard in Resources */ = {isa = PBXBuildFile; fileRef = 94AF3E6428DC74E800502C5B /* Home.storyboard */; };
		94AF3E6728DC7E3000502C5B /* ItemListViewController.swift in Sources */ = {isa = PBXBuildFile; fileRef = 94AF3E6628DC7E3000502C5B /* ItemListViewController.swift */; };
		94AF3E6928DC7E3B00502C5B /* ItemList.storyboard in Resources */ = {isa = PBXBuildFile; fileRef = 94AF3E6828DC7E3B00502C5B /* ItemList.storyboard */; };
		94AF3E6C28DC874700502C5B /* CustomTabBar.swift in Sources */ = {isa = PBXBuildFile; fileRef = 94AF3E6B28DC874700502C5B /* CustomTabBar.swift */; };
		94AF3E7028DC93D400502C5B /* NewItem.storyboard in Resources */ = {isa = PBXBuildFile; fileRef = 94AF3E6F28DC93D400502C5B /* NewItem.storyboard */; };
		94AF3E7228DC93EB00502C5B /* NewItemViewController.swift in Sources */ = {isa = PBXBuildFile; fileRef = 94AF3E7128DC93EB00502C5B /* NewItemViewController.swift */; };
		94CE57AE29B2055F00BB954D /* SettingViewController.swift in Sources */ = {isa = PBXBuildFile; fileRef = 94CE57AD29B2055F00BB954D /* SettingViewController.swift */; };
		94CE57B029B2056F00BB954D /* Setting.storyboard in Resources */ = {isa = PBXBuildFile; fileRef = 94CE57AF29B2056F00BB954D /* Setting.storyboard */; };
		94D5A49D29BA0697009B7E6C /* ErrorType.swift in Sources */ = {isa = PBXBuildFile; fileRef = 94D5A49C29BA0697009B7E6C /* ErrorType.swift */; };
		94D63B9229C1EDB600A47802 /* BarcodeScannerViewController.swift in Sources */ = {isa = PBXBuildFile; fileRef = 94D63B9129C1EDB600A47802 /* BarcodeScannerViewController.swift */; };
		94D8A99828EB0CA100703FCF /* Date+Utils.swift in Sources */ = {isa = PBXBuildFile; fileRef = 94D8A99728EB0CA100703FCF /* Date+Utils.swift */; };
		94EBF49E28DED51600110F1A /* EndPeriodCell.swift in Sources */ = {isa = PBXBuildFile; fileRef = 94EBF49C28DED51500110F1A /* EndPeriodCell.swift */; };
		94EBF49F28DED51600110F1A /* EndPeriodCell.xib in Resources */ = {isa = PBXBuildFile; fileRef = 94EBF49D28DED51500110F1A /* EndPeriodCell.xib */; };
		94ED417229E682F900A62CA1 /* NewItemViewPresenter.swift in Sources */ = {isa = PBXBuildFile; fileRef = 94ED417129E682F900A62CA1 /* NewItemViewPresenter.swift */; };
		94F4F98A28E6F94000245EB1 /* PhotoResultViewController.swift in Sources */ = {isa = PBXBuildFile; fileRef = 94F4F98928E6F94000245EB1 /* PhotoResultViewController.swift */; };
		94F4F98C28E6F94E00245EB1 /* PhotoResultView.storyboard in Resources */ = {isa = PBXBuildFile; fileRef = 94F4F98B28E6F94E00245EB1 /* PhotoResultView.storyboard */; };
		94F65D5A29BF1D4F004FE5D4 /* NoticeList.storyboard in Resources */ = {isa = PBXBuildFile; fileRef = 94F65D5929BF1D4F004FE5D4 /* NoticeList.storyboard */; };
		94F65D5C29BF273F004FE5D4 /* TabBarAnimation.swift in Sources */ = {isa = PBXBuildFile; fileRef = 94F65D5B29BF273F004FE5D4 /* TabBarAnimation.swift */; };
		94FF297829C86366009D6594 /* GoogleVisionAPIPresenterTest.swift in Sources */ = {isa = PBXBuildFile; fileRef = 94FF297729C86366009D6594 /* GoogleVisionAPIPresenterTest.swift */; };
		94FF298129C866EF009D6594 /* ItemElementsCreatorTests.swift in Sources */ = {isa = PBXBuildFile; fileRef = 94FF298029C866EF009D6594 /* ItemElementsCreatorTests.swift */; };
		94FF298329C87777009D6594 /* Bundle+Utils.swift in Sources */ = {isa = PBXBuildFile; fileRef = 94FF298229C87777009D6594 /* Bundle+Utils.swift */; };
/* End PBXBuildFile section */

/* Begin PBXContainerItemProxy section */
		94FF297929C86366009D6594 /* PBXContainerItemProxy */ = {
			isa = PBXContainerItemProxy;
			containerPortal = 94449A8228D9F75C001C8BBB /* Project object */;
			proxyType = 1;
			remoteGlobalIDString = 94449A8928D9F75C001C8BBB;
			remoteInfo = MoreGreen;
		};
/* End PBXContainerItemProxy section */

/* Begin PBXFileReference section */
		94035A0729BDCDE3008F6D96 /* SettingTableViewCell.swift */ = {isa = PBXFileReference; lastKnownFileType = sourcecode.swift; path = SettingTableViewCell.swift; sourceTree = "<group>"; };
		94035A0829BDCDE3008F6D96 /* SettingTableViewCell.xib */ = {isa = PBXFileReference; lastKnownFileType = file.xib; path = SettingTableViewCell.xib; sourceTree = "<group>"; };
		94035A1029BDD6D8008F6D96 /* AlarmSetting.storyboard */ = {isa = PBXFileReference; lastKnownFileType = file.storyboard; path = AlarmSetting.storyboard; sourceTree = "<group>"; };
		94035A1229BDD7D7008F6D96 /* SettingModel.swift */ = {isa = PBXFileReference; lastKnownFileType = sourcecode.swift; path = SettingModel.swift; sourceTree = "<group>"; };
		94035A1429BDDFCC008F6D96 /* AlarmSettingViewController.swift */ = {isa = PBXFileReference; lastKnownFileType = sourcecode.swift; path = AlarmSettingViewController.swift; sourceTree = "<group>"; };
		94035A1629BDE11A008F6D96 /* DataResetPopupViewController.swift */ = {isa = PBXFileReference; lastKnownFileType = sourcecode.swift; path = DataResetPopupViewController.swift; sourceTree = "<group>"; };
		94035A1929BDE156008F6D96 /* DataResetPopup.storyboard */ = {isa = PBXFileReference; lastKnownFileType = file.storyboard; path = DataResetPopup.storyboard; sourceTree = "<group>"; };
		9406C2E5290159F4002FA72B /* ItemListHeaderPageModel.swift */ = {isa = PBXFileReference; lastKnownFileType = sourcecode.swift; path = ItemListHeaderPageModel.swift; sourceTree = "<group>"; };
		940B0F9828F03AF8003AFE8C /* UIButton+Utils.swift */ = {isa = PBXFileReference; lastKnownFileType = sourcecode.swift; path = "UIButton+Utils.swift"; sourceTree = "<group>"; };
		940B0F9A28F03D81003AFE8C /* showItemInfoDetailButton.swift */ = {isa = PBXFileReference; lastKnownFileType = sourcecode.swift; path = showItemInfoDetailButton.swift; sourceTree = "<group>"; };
		94122FF028DC5FE7004DEED6 /* UIColor+Utils.swift */ = {isa = PBXFileReference; lastKnownFileType = sourcecode.swift; path = "UIColor+Utils.swift"; sourceTree = "<group>"; };
		94122FF228DC60DF004DEED6 /* UIFont+Utils.swift */ = {isa = PBXFileReference; lastKnownFileType = sourcecode.swift; path = "UIFont+Utils.swift"; sourceTree = "<group>"; };
		94122FF428DC6613004DEED6 /* TabBarController.swift */ = {isa = PBXFileReference; lastKnownFileType = sourcecode.swift; path = TabBarController.swift; sourceTree = "<group>"; };
		941657EE29D064240023D464 /* VisionTextRecognizer.swift */ = {isa = PBXFileReference; lastKnownFileType = sourcecode.swift; path = VisionTextRecognizer.swift; sourceTree = "<group>"; };
		941BF55028FC1EDD006C8E28 /* HomeCustomHeader.swift */ = {isa = PBXFileReference; lastKnownFileType = sourcecode.swift; path = HomeCustomHeader.swift; sourceTree = "<group>"; };
		941BF55628FC2012006C8E28 /* HomeCustomHeader.xib */ = {isa = PBXFileReference; lastKnownFileType = file.xib; path = HomeCustomHeader.xib; sourceTree = "<group>"; };
		941BF55828FC380E006C8E28 /* HomeItemCell.swift */ = {isa = PBXFileReference; lastKnownFileType = sourcecode.swift; path = HomeItemCell.swift; sourceTree = "<group>"; };
		941BF55928FC380E006C8E28 /* HomeItemCell.xib */ = {isa = PBXFileReference; lastKnownFileType = file.xib; path = HomeItemCell.xib; sourceTree = "<group>"; };
		941BF55C28FC38B6006C8E28 /* HomeItemCollectionViewCell.swift */ = {isa = PBXFileReference; lastKnownFileType = sourcecode.swift; path = HomeItemCollectionViewCell.swift; sourceTree = "<group>"; };
		941BF55D28FC38B6006C8E28 /* HomeItemCollectionViewCell.xib */ = {isa = PBXFileReference; lastKnownFileType = file.xib; path = HomeItemCollectionViewCell.xib; sourceTree = "<group>"; };
		942007CD28DDC6B40092B699 /* ItemCell.swift */ = {isa = PBXFileReference; lastKnownFileType = sourcecode.swift; path = ItemCell.swift; sourceTree = "<group>"; };
		942007CE28DDC6B40092B699 /* ItemCell.xib */ = {isa = PBXFileReference; lastKnownFileType = file.xib; path = ItemCell.xib; sourceTree = "<group>"; };
		942007D128DDDA020092B699 /* CameraViewController.swift */ = {isa = PBXFileReference; lastKnownFileType = sourcecode.swift; path = CameraViewController.swift; sourceTree = "<group>"; };
		942007D328DDDA120092B699 /* Camera.storyboard */ = {isa = PBXFileReference; lastKnownFileType = file.storyboard; path = Camera.storyboard; sourceTree = "<group>"; };
		942007D528DDE0A20092B699 /* ItemViewPresenter.swift */ = {isa = PBXFileReference; lastKnownFileType = sourcecode.swift; path = ItemViewPresenter.swift; sourceTree = "<group>"; };
		942007D728DDE10D0092B699 /* ExpirationDate.swift */ = {isa = PBXFileReference; lastKnownFileType = sourcecode.swift; path = ExpirationDate.swift; sourceTree = "<group>"; };
		942007D928DDE6740092B699 /* ItemImageCell.swift */ = {isa = PBXFileReference; lastKnownFileType = sourcecode.swift; path = ItemImageCell.swift; sourceTree = "<group>"; };
		942007DA28DDE6740092B699 /* ItemImageCell.xib */ = {isa = PBXFileReference; lastKnownFileType = file.xib; path = ItemImageCell.xib; sourceTree = "<group>"; };
		942E3FFD29B49B4200A710CD /* AppAppearance.swift */ = {isa = PBXFileReference; lastKnownFileType = sourcecode.swift; path = AppAppearance.swift; sourceTree = "<group>"; };
		942E400129B4BBA100A710CD /* CameraGuideView.swift */ = {isa = PBXFileReference; lastKnownFileType = sourcecode.swift; path = CameraGuideView.swift; sourceTree = "<group>"; };
		943317342917AEB4003CFB16 /* ItemDetailViewController.swift */ = {isa = PBXFileReference; lastKnownFileType = sourcecode.swift; path = ItemDetailViewController.swift; sourceTree = "<group>"; };
		943317362917AEEC003CFB16 /* ItemDetail.storyboard */ = {isa = PBXFileReference; lastKnownFileType = file.storyboard; path = ItemDetail.storyboard; sourceTree = "<group>"; };
		943317382917B5B2003CFB16 /* CategoryTabBarView.swift */ = {isa = PBXFileReference; lastKnownFileType = sourcecode.swift; path = CategoryTabBarView.swift; sourceTree = "<group>"; };
		9433173A2917E2A5003CFB16 /* CategoryCell.swift */ = {isa = PBXFileReference; lastKnownFileType = sourcecode.swift; path = CategoryCell.swift; sourceTree = "<group>"; };
		9433173B2917E2A5003CFB16 /* CategoryCell.xib */ = {isa = PBXFileReference; lastKnownFileType = file.xib; path = CategoryCell.xib; sourceTree = "<group>"; };
		943E716729C96C52006EFBB6 /* UIView+Utils.swift */ = {isa = PBXFileReference; lastKnownFileType = sourcecode.swift; path = "UIView+Utils.swift"; sourceTree = "<group>"; };
		943EED2428FECE2300566648 /* CarouselFlowLayout.swift */ = {isa = PBXFileReference; lastKnownFileType = sourcecode.swift; path = CarouselFlowLayout.swift; sourceTree = "<group>"; };
		94449A8A28D9F75C001C8BBB /* MoreGreen.app */ = {isa = PBXFileReference; explicitFileType = wrapper.application; includeInIndex = 0; path = MoreGreen.app; sourceTree = BUILT_PRODUCTS_DIR; };
		94449A8D28D9F75C001C8BBB /* AppDelegate.swift */ = {isa = PBXFileReference; lastKnownFileType = sourcecode.swift; path = AppDelegate.swift; sourceTree = "<group>"; };
		94449A8F28D9F75C001C8BBB /* SceneDelegate.swift */ = {isa = PBXFileReference; lastKnownFileType = sourcecode.swift; path = SceneDelegate.swift; sourceTree = "<group>"; };
		94449A9728D9F75C001C8BBB /* MoreGreen.xcdatamodel */ = {isa = PBXFileReference; lastKnownFileType = wrapper.xcdatamodel; path = MoreGreen.xcdatamodel; sourceTree = "<group>"; };
		94449A9928D9F75D001C8BBB /* Assets.xcassets */ = {isa = PBXFileReference; lastKnownFileType = folder.assetcatalog; path = Assets.xcassets; sourceTree = "<group>"; };
		94449A9C28D9F75D001C8BBB /* Base */ = {isa = PBXFileReference; lastKnownFileType = file.storyboard; name = Base; path = Base.lproj/LaunchScreen.storyboard; sourceTree = "<group>"; };
		94449A9E28D9F75D001C8BBB /* Info.plist */ = {isa = PBXFileReference; lastKnownFileType = text.plist.xml; path = Info.plist; sourceTree = "<group>"; };
		94481DA329BC8110009928CD /* AnimationTime.swift */ = {isa = PBXFileReference; lastKnownFileType = sourcecode.swift; path = AnimationTime.swift; sourceTree = "<group>"; };
		94481DA529BC9EB4009928CD /* CameraGuidePopupViewController.swift */ = {isa = PBXFileReference; lastKnownFileType = sourcecode.swift; path = CameraGuidePopupViewController.swift; sourceTree = "<group>"; };
		94481DA829BC9EF2009928CD /* CameraGuidePopup.storyboard */ = {isa = PBXFileReference; lastKnownFileType = file.storyboard; path = CameraGuidePopup.storyboard; sourceTree = "<group>"; };
		9460320428E2E4DC00C4E0C9 /* ItemElementsCreator.swift */ = {isa = PBXFileReference; lastKnownFileType = sourcecode.swift; path = ItemElementsCreator.swift; sourceTree = "<group>"; };
		9460320628E328C300C4E0C9 /* UIImage+Utils.swift */ = {isa = PBXFileReference; lastKnownFileType = sourcecode.swift; path = "UIImage+Utils.swift"; sourceTree = "<group>"; };
		9472C8AE28DF03E8004E4348 /* ButtonCell.swift */ = {isa = PBXFileReference; lastKnownFileType = sourcecode.swift; path = ButtonCell.swift; sourceTree = "<group>"; };
		9472C8AF28DF03E8004E4348 /* ButtonCell.xib */ = {isa = PBXFileReference; lastKnownFileType = file.xib; path = ButtonCell.xib; sourceTree = "<group>"; };
		9472C8B428DF2525004E4348 /* BMJUA_otf.otf */ = {isa = PBXFileReference; lastKnownFileType = file; path = BMJUA_otf.otf; sourceTree = "<group>"; };
		9472C8B528DF2B24004E4348 /* HomeCardViewCell.swift */ = {isa = PBXFileReference; lastKnownFileType = sourcecode.swift; path = HomeCardViewCell.swift; sourceTree = "<group>"; };
		9472C8B628DF2B24004E4348 /* HomeCardViewCell.xib */ = {isa = PBXFileReference; lastKnownFileType = file.xib; path = HomeCardViewCell.xib; sourceTree = "<group>"; };
		949A66CA299CD46100986FA8 /* String+Utils.swift */ = {isa = PBXFileReference; lastKnownFileType = sourcecode.swift; path = "String+Utils.swift"; sourceTree = "<group>"; };
		949B2AE028DDA2420053E70B /* ProfileViewController.swift */ = {isa = PBXFileReference; lastKnownFileType = sourcecode.swift; path = ProfileViewController.swift; sourceTree = "<group>"; };
		949B2AE228DDA2550053E70B /* Profile.storyboard */ = {isa = PBXFileReference; lastKnownFileType = file.storyboard; path = Profile.storyboard; sourceTree = "<group>"; };
		949B2AE428DDB2EA0053E70B /* NoticeListViewController.swift */ = {isa = PBXFileReference; lastKnownFileType = sourcecode.swift; path = NoticeListViewController.swift; sourceTree = "<group>"; };
		949B2AE828DDBE090053E70B /* CALayer+Utils.swift */ = {isa = PBXFileReference; lastKnownFileType = sourcecode.swift; path = "CALayer+Utils.swift"; sourceTree = "<group>"; };
		949B2AEA28DDBE1B0053E70B /* UITabBar+Utils.swift */ = {isa = PBXFileReference; lastKnownFileType = sourcecode.swift; path = "UITabBar+Utils.swift"; sourceTree = "<group>"; };
		949CD5E028E1931E001D6C67 /* 120.png */ = {isa = PBXFileReference; lastKnownFileType = image.png; name = 120.png; path = MoreGreen/Resources/120.png; sourceTree = SOURCE_ROOT; };
		94ABA9492906C3E60063CD3D /* UnderLinedMenuBarModel.swift */ = {isa = PBXFileReference; lastKnownFileType = sourcecode.swift; path = UnderLinedMenuBarModel.swift; sourceTree = "<group>"; };
		94AF3E6228DC74D800502C5B /* HomeViewController.swift */ = {isa = PBXFileReference; lastKnownFileType = sourcecode.swift; path = HomeViewController.swift; sourceTree = "<group>"; };
		94AF3E6428DC74E800502C5B /* Home.storyboard */ = {isa = PBXFileReference; lastKnownFileType = file.storyboard; path = Home.storyboard; sourceTree = "<group>"; };
		94AF3E6628DC7E3000502C5B /* ItemListViewController.swift */ = {isa = PBXFileReference; lastKnownFileType = sourcecode.swift; path = ItemListViewController.swift; sourceTree = "<group>"; };
		94AF3E6828DC7E3B00502C5B /* ItemList.storyboard */ = {isa = PBXFileReference; lastKnownFileType = file.storyboard; path = ItemList.storyboard; sourceTree = "<group>"; };
		94AF3E6B28DC874700502C5B /* CustomTabBar.swift */ = {isa = PBXFileReference; lastKnownFileType = sourcecode.swift; path = CustomTabBar.swift; sourceTree = "<group>"; };
		94AF3E6F28DC93D400502C5B /* NewItem.storyboard */ = {isa = PBXFileReference; lastKnownFileType = file.storyboard; path = NewItem.storyboard; sourceTree = "<group>"; };
		94AF3E7128DC93EB00502C5B /* NewItemViewController.swift */ = {isa = PBXFileReference; lastKnownFileType = sourcecode.swift; path = NewItemViewController.swift; sourceTree = "<group>"; };
		94CE57AD29B2055F00BB954D /* SettingViewController.swift */ = {isa = PBXFileReference; lastKnownFileType = sourcecode.swift; path = SettingViewController.swift; sourceTree = "<group>"; };
		94CE57AF29B2056F00BB954D /* Setting.storyboard */ = {isa = PBXFileReference; lastKnownFileType = file.storyboard; path = Setting.storyboard; sourceTree = "<group>"; };
		94D5A49C29BA0697009B7E6C /* ErrorType.swift */ = {isa = PBXFileReference; lastKnownFileType = sourcecode.swift; path = ErrorType.swift; sourceTree = "<group>"; };
		94D63B9129C1EDB600A47802 /* BarcodeScannerViewController.swift */ = {isa = PBXFileReference; lastKnownFileType = sourcecode.swift; path = BarcodeScannerViewController.swift; sourceTree = "<group>"; };
		94D8A99728EB0CA100703FCF /* Date+Utils.swift */ = {isa = PBXFileReference; lastKnownFileType = sourcecode.swift; path = "Date+Utils.swift"; sourceTree = "<group>"; };
		94EBF49C28DED51500110F1A /* EndPeriodCell.swift */ = {isa = PBXFileReference; lastKnownFileType = sourcecode.swift; path = EndPeriodCell.swift; sourceTree = "<group>"; };
		94EBF49D28DED51500110F1A /* EndPeriodCell.xib */ = {isa = PBXFileReference; lastKnownFileType = file.xib; path = EndPeriodCell.xib; sourceTree = "<group>"; };
		94ED417129E682F900A62CA1 /* NewItemViewPresenter.swift */ = {isa = PBXFileReference; lastKnownFileType = sourcecode.swift; path = NewItemViewPresenter.swift; sourceTree = "<group>"; };
		94F4F98928E6F94000245EB1 /* PhotoResultViewController.swift */ = {isa = PBXFileReference; lastKnownFileType = sourcecode.swift; path = PhotoResultViewController.swift; sourceTree = "<group>"; };
		94F4F98B28E6F94E00245EB1 /* PhotoResultView.storyboard */ = {isa = PBXFileReference; lastKnownFileType = file.storyboard; path = PhotoResultView.storyboard; sourceTree = "<group>"; };
		94F65D5929BF1D4F004FE5D4 /* NoticeList.storyboard */ = {isa = PBXFileReference; lastKnownFileType = file.storyboard; path = NoticeList.storyboard; sourceTree = "<group>"; };
		94F65D5B29BF273F004FE5D4 /* TabBarAnimation.swift */ = {isa = PBXFileReference; lastKnownFileType = sourcecode.swift; path = TabBarAnimation.swift; sourceTree = "<group>"; };
		94FF297529C86366009D6594 /* MoreGreenTests.xctest */ = {isa = PBXFileReference; explicitFileType = wrapper.cfbundle; includeInIndex = 0; path = MoreGreenTests.xctest; sourceTree = BUILT_PRODUCTS_DIR; };
		94FF297729C86366009D6594 /* GoogleVisionAPIPresenterTest.swift */ = {isa = PBXFileReference; lastKnownFileType = sourcecode.swift; path = GoogleVisionAPIPresenterTest.swift; sourceTree = "<group>"; };
		94FF298029C866EF009D6594 /* ItemElementsCreatorTests.swift */ = {isa = PBXFileReference; lastKnownFileType = sourcecode.swift; path = ItemElementsCreatorTests.swift; sourceTree = "<group>"; };
		94FF298229C87777009D6594 /* Bundle+Utils.swift */ = {isa = PBXFileReference; lastKnownFileType = sourcecode.swift; path = "Bundle+Utils.swift"; sourceTree = "<group>"; };
/* End PBXFileReference section */

/* Begin PBXFrameworksBuildPhase section */
		94449A8728D9F75C001C8BBB /* Frameworks */ = {
			isa = PBXFrameworksBuildPhase;
			buildActionMask = 2147483647;
			files = (
			);
			runOnlyForDeploymentPostprocessing = 0;
		};
		94FF297229C86366009D6594 /* Frameworks */ = {
			isa = PBXFrameworksBuildPhase;
			buildActionMask = 2147483647;
			files = (
			);
			runOnlyForDeploymentPostprocessing = 0;
		};
/* End PBXFrameworksBuildPhase section */

/* Begin PBXGroup section */
		94035A0629BDCD86008F6D96 /* Setting */ = {
			isa = PBXGroup;
			children = (
				94035A0729BDCDE3008F6D96 /* SettingTableViewCell.swift */,
				94035A0829BDCDE3008F6D96 /* SettingTableViewCell.xib */,
			);
			path = Setting;
			sourceTree = "<group>";
		};
		94035A0D29BDD66A008F6D96 /* Home */ = {
			isa = PBXGroup;
			children = (
				94035A0E29BDD680008F6D96 /* Setting */,
			);
			path = Home;
			sourceTree = "<group>";
		};
		94035A0E29BDD680008F6D96 /* Setting */ = {
			isa = PBXGroup;
			children = (
				94CE57AF29B2056F00BB954D /* Setting.storyboard */,
				94035A0F29BDD6A8008F6D96 /* Alarm */,
				94035A1829BDE144008F6D96 /* DataReset */,
			);
			path = Setting;
			sourceTree = "<group>";
		};
		94035A0F29BDD6A8008F6D96 /* Alarm */ = {
			isa = PBXGroup;
			children = (
				94035A1029BDD6D8008F6D96 /* AlarmSetting.storyboard */,
			);
			path = Alarm;
			sourceTree = "<group>";
		};
		94035A1829BDE144008F6D96 /* DataReset */ = {
			isa = PBXGroup;
			children = (
				94035A1929BDE156008F6D96 /* DataResetPopup.storyboard */,
			);
			path = DataReset;
			sourceTree = "<group>";
		};
		94122FEA28DC5F25004DEED6 /* Storyboards */ = {
			isa = PBXGroup;
			children = (
				946030E529BF1CFE00EF1561 /* NoticeList */,
				94481DA729BC9EDE009928CD /* Camera */,
				94035A0D29BDD66A008F6D96 /* Home */,
				94449A9B28D9F75D001C8BBB /* LaunchScreen.storyboard */,
				94AF3E6428DC74E800502C5B /* Home.storyboard */,
				94AF3E6828DC7E3B00502C5B /* ItemList.storyboard */,
				94AF3E6F28DC93D400502C5B /* NewItem.storyboard */,
				949B2AE228DDA2550053E70B /* Profile.storyboard */,
				942007D328DDDA120092B699 /* Camera.storyboard */,
				94F4F98B28E6F94E00245EB1 /* PhotoResultView.storyboard */,
				941BF55628FC2012006C8E28 /* HomeCustomHeader.xib */,
				943317362917AEEC003CFB16 /* ItemDetail.storyboard */,
			);
			path = Storyboards;
			sourceTree = "<group>";
		};
		94122FEC28DC5F3C004DEED6 /* Presenters */ = {
			isa = PBXGroup;
			children = (
				942007D528DDE0A20092B699 /* ItemViewPresenter.swift */,
				94ED417129E682F900A62CA1 /* NewItemViewPresenter.swift */,
			);
			path = Presenters;
			sourceTree = "<group>";
		};
		94122FED28DC5F44004DEED6 /* Models */ = {
			isa = PBXGroup;
			children = (
				941657EE29D064240023D464 /* VisionTextRecognizer.swift */,
				943EED2428FECE2300566648 /* CarouselFlowLayout.swift */,
				9460320428E2E4DC00C4E0C9 /* ItemElementsCreator.swift */,
				94ABA9492906C3E60063CD3D /* UnderLinedMenuBarModel.swift */,
				9406C2E5290159F4002FA72B /* ItemListHeaderPageModel.swift */,
				949A66CC299CD57200986FA8 /* Enums */,
				94122FEE28DC5F59004DEED6 /* Entities */,
			);
			path = Models;
			sourceTree = "<group>";
		};
		94122FEE28DC5F59004DEED6 /* Entities */ = {
			isa = PBXGroup;
			children = (
				94035A1229BDD7D7008F6D96 /* SettingModel.swift */,
				942007D728DDE10D0092B699 /* ExpirationDate.swift */,
			);
			path = Entities;
			sourceTree = "<group>";
		};
		941657F029D064380023D464 /* Buttons */ = {
			isa = PBXGroup;
			children = (
				940B0F9A28F03D81003AFE8C /* showItemInfoDetailButton.swift */,
			);
			path = Buttons;
			sourceTree = "<group>";
		};
		941657F129D0643E0023D464 /* Headers */ = {
			isa = PBXGroup;
			children = (
				941BF55028FC1EDD006C8E28 /* HomeCustomHeader.swift */,
			);
			path = Headers;
			sourceTree = "<group>";
		};
		941657F229D064430023D464 /* TabBars */ = {
			isa = PBXGroup;
			children = (
				94AF3E6B28DC874700502C5B /* CustomTabBar.swift */,
			);
			path = TabBars;
			sourceTree = "<group>";
		};
		94449A8128D9F75C001C8BBB = {
			isa = PBXGroup;
			children = (
				94449A8C28D9F75C001C8BBB /* MoreGreen */,
				94FF297629C86366009D6594 /* MoreGreenTests */,
				94449A8B28D9F75C001C8BBB /* Products */,
			);
			sourceTree = "<group>";
		};
		94449A8B28D9F75C001C8BBB /* Products */ = {
			isa = PBXGroup;
			children = (
				94449A8A28D9F75C001C8BBB /* MoreGreen.app */,
				94FF297529C86366009D6594 /* MoreGreenTests.xctest */,
			);
			name = Products;
			sourceTree = "<group>";
		};
		94449A8C28D9F75C001C8BBB /* MoreGreen */ = {
			isa = PBXGroup;
			children = (
				949A66C8299CD39500986FA8 /* Resources */,
				949A66C9299CD39C00986FA8 /* Sources */,
			);
			path = MoreGreen;
			sourceTree = "<group>";
		};
		94481DA729BC9EDE009928CD /* Camera */ = {
			isa = PBXGroup;
			children = (
				94481DA829BC9EF2009928CD /* CameraGuidePopup.storyboard */,
			);
			path = Camera;
			sourceTree = "<group>";
		};
		945108CA28DDC5DE00E80F20 /* Controllers */ = {
			isa = PBXGroup;
			children = (
				94DEA71629BF1B070014929C /* TabBarController */,
				949A66CE299CD82900986FA8 /* NewItem */,
				949A66CD299CD66400986FA8 /* Home */,
				949A66CF299CD84F00986FA8 /* ItemList */,
				949A66D0299CD85F00986FA8 /* NoticeList */,
				949A66D1299CD87100986FA8 /* Profile */,
				949A66D4299CD8D900986FA8 /* PhotoResult */,
				949A66D3299CD8BD00986FA8 /* Camera */,
				949A66D2299CD87C00986FA8 /* ItemDetail */,
			);
			path = Controllers;
			sourceTree = "<group>";
		};
		945108CB28DDC5E500E80F20 /* Cells */ = {
			isa = PBXGroup;
			children = (
				947D5F9D299E77E100DE7489 /* Home */,
				947D5F9C299E77BA00DE7489 /* NewItem */,
				947D5F9A299E774200DE7489 /* ItemList */,
			);
			path = Cells;
			sourceTree = "<group>";
		};
		946030E529BF1CFE00EF1561 /* NoticeList */ = {
			isa = PBXGroup;
			children = (
				94F65D5929BF1D4F004FE5D4 /* NoticeList.storyboard */,
			);
			path = NoticeList;
			sourceTree = "<group>";
		};
		947D5F9A299E774200DE7489 /* ItemList */ = {
			isa = PBXGroup;
			children = (
				947D5F9E299E781900DE7489 /* ItemCell */,
				947D5F9B299E779500DE7489 /* CategoryBarCell */,
			);
			path = ItemList;
			sourceTree = "<group>";
		};
		947D5F9B299E779500DE7489 /* CategoryBarCell */ = {
			isa = PBXGroup;
			children = (
				9433173A2917E2A5003CFB16 /* CategoryCell.swift */,
				9433173B2917E2A5003CFB16 /* CategoryCell.xib */,
			);
			path = CategoryBarCell;
			sourceTree = "<group>";
		};
		947D5F9C299E77BA00DE7489 /* NewItem */ = {
			isa = PBXGroup;
			children = (
				942007D928DDE6740092B699 /* ItemImageCell.swift */,
				942007DA28DDE6740092B699 /* ItemImageCell.xib */,
				94EBF49C28DED51500110F1A /* EndPeriodCell.swift */,
				94EBF49D28DED51500110F1A /* EndPeriodCell.xib */,
				9472C8AE28DF03E8004E4348 /* ButtonCell.swift */,
				9472C8AF28DF03E8004E4348 /* ButtonCell.xib */,
			);
			path = NewItem;
			sourceTree = "<group>";
		};
		947D5F9D299E77E100DE7489 /* Home */ = {
			isa = PBXGroup;
			children = (
				94035A0629BDCD86008F6D96 /* Setting */,
				9472C8B528DF2B24004E4348 /* HomeCardViewCell.swift */,
				9472C8B628DF2B24004E4348 /* HomeCardViewCell.xib */,
				941BF55828FC380E006C8E28 /* HomeItemCell.swift */,
				941BF55928FC380E006C8E28 /* HomeItemCell.xib */,
				941BF55C28FC38B6006C8E28 /* HomeItemCollectionViewCell.swift */,
				941BF55D28FC38B6006C8E28 /* HomeItemCollectionViewCell.xib */,
			);
			path = Home;
			sourceTree = "<group>";
		};
		947D5F9E299E781900DE7489 /* ItemCell */ = {
			isa = PBXGroup;
			children = (
				942007CD28DDC6B40092B699 /* ItemCell.swift */,
				942007CE28DDC6B40092B699 /* ItemCell.xib */,
			);
			path = ItemCell;
			sourceTree = "<group>";
		};
		947D5F9F299E790700DE7489 /* UI */ = {
			isa = PBXGroup;
			children = (
				949B2AE828DDBE090053E70B /* CALayer+Utils.swift */,
				940B0F9828F03AF8003AFE8C /* UIButton+Utils.swift */,
				94122FF028DC5FE7004DEED6 /* UIColor+Utils.swift */,
				94122FF228DC60DF004DEED6 /* UIFont+Utils.swift */,
				949B2AEA28DDBE1B0053E70B /* UITabBar+Utils.swift */,
				9460320628E328C300C4E0C9 /* UIImage+Utils.swift */,
				943E716729C96C52006EFBB6 /* UIView+Utils.swift */,
			);
			path = UI;
			sourceTree = "<group>";
		};
		949A66C8299CD39500986FA8 /* Resources */ = {
			isa = PBXGroup;
			children = (
				949CD5E028E1931E001D6C67 /* 120.png */,
				9472C8B428DF2525004E4348 /* BMJUA_otf.otf */,
				94449A9928D9F75D001C8BBB /* Assets.xcassets */,
				94449A9E28D9F75D001C8BBB /* Info.plist */,
				94449A9628D9F75C001C8BBB /* MoreGreen.xcdatamodeld */,
			);
			path = Resources;
			sourceTree = "<group>";
		};
		949A66C9299CD39C00986FA8 /* Sources */ = {
			isa = PBXGroup;
			children = (
				94ABA94C2906C7170063CD3D /* Apps */,
				94122FED28DC5F44004DEED6 /* Models */,
				94122FEA28DC5F25004DEED6 /* Storyboards */,
				945108CA28DDC5DE00E80F20 /* Controllers */,
				94AF3E6A28DC872600502C5B /* Views */,
				94122FEC28DC5F3C004DEED6 /* Presenters */,
				94ABA94B2906C6E80063CD3D /* Extensions */,
			);
			path = Sources;
			sourceTree = "<group>";
		};
		949A66CC299CD57200986FA8 /* Enums */ = {
			isa = PBXGroup;
			children = (
				94D5A49C29BA0697009B7E6C /* ErrorType.swift */,
				94481DA329BC8110009928CD /* AnimationTime.swift */,
				94F65D5B29BF273F004FE5D4 /* TabBarAnimation.swift */,
			);
			path = Enums;
			sourceTree = "<group>";
		};
		949A66CD299CD66400986FA8 /* Home */ = {
			isa = PBXGroup;
			children = (
				94AF3E6228DC74D800502C5B /* HomeViewController.swift */,
				94CE57AB29B2050700BB954D /* NavigationBarButton */,
			);
			path = Home;
			sourceTree = "<group>";
		};
		949A66CE299CD82900986FA8 /* NewItem */ = {
			isa = PBXGroup;
			children = (
				94AF3E7128DC93EB00502C5B /* NewItemViewController.swift */,
			);
			path = NewItem;
			sourceTree = "<group>";
		};
		949A66CF299CD84F00986FA8 /* ItemList */ = {
			isa = PBXGroup;
			children = (
				94AF3E6628DC7E3000502C5B /* ItemListViewController.swift */,
			);
			path = ItemList;
			sourceTree = "<group>";
		};
		949A66D0299CD85F00986FA8 /* NoticeList */ = {
			isa = PBXGroup;
			children = (
				949B2AE428DDB2EA0053E70B /* NoticeListViewController.swift */,
			);
			path = NoticeList;
			sourceTree = "<group>";
		};
		949A66D1299CD87100986FA8 /* Profile */ = {
			isa = PBXGroup;
			children = (
				949B2AE028DDA2420053E70B /* ProfileViewController.swift */,
			);
			path = Profile;
			sourceTree = "<group>";
		};
		949A66D2299CD87C00986FA8 /* ItemDetail */ = {
			isa = PBXGroup;
			children = (
				943317342917AEB4003CFB16 /* ItemDetailViewController.swift */,
			);
			path = ItemDetail;
			sourceTree = "<group>";
		};
		949A66D3299CD8BD00986FA8 /* Camera */ = {
			isa = PBXGroup;
			children = (
				942007D128DDDA020092B699 /* CameraViewController.swift */,
				94481DA529BC9EB4009928CD /* CameraGuidePopupViewController.swift */,
				94D63B8F29C1ED8300A47802 /* BarcodeScanner */,
			);
			path = Camera;
			sourceTree = "<group>";
		};
		949A66D4299CD8D900986FA8 /* PhotoResult */ = {
			isa = PBXGroup;
			children = (
				94F4F98928E6F94000245EB1 /* PhotoResultViewController.swift */,
			);
			path = PhotoResult;
			sourceTree = "<group>";
		};
		94ABA94B2906C6E80063CD3D /* Extensions */ = {
			isa = PBXGroup;
			children = (
				949A66CA299CD46100986FA8 /* String+Utils.swift */,
				94D8A99728EB0CA100703FCF /* Date+Utils.swift */,
				94FF298229C87777009D6594 /* Bundle+Utils.swift */,
				947D5F9F299E790700DE7489 /* UI */,
			);
			path = Extensions;
			sourceTree = "<group>";
		};
		94ABA94C2906C7170063CD3D /* Apps */ = {
			isa = PBXGroup;
			children = (
				94449A8D28D9F75C001C8BBB /* AppDelegate.swift */,
				94449A8F28D9F75C001C8BBB /* SceneDelegate.swift */,
				942E3FFD29B49B4200A710CD /* AppAppearance.swift */,
			);
			path = Apps;
			sourceTree = "<group>";
		};
		94AF3E6A28DC872600502C5B /* Views */ = {
			isa = PBXGroup;
			children = (
				942E400129B4BBA100A710CD /* CameraGuideView.swift */,
				943317382917B5B2003CFB16 /* CategoryTabBarView.swift */,
				941657F229D064430023D464 /* TabBars */,
				941657F129D0643E0023D464 /* Headers */,
				941657F029D064380023D464 /* Buttons */,
				945108CB28DDC5E500E80F20 /* Cells */,
			);
			path = Views;
			sourceTree = "<group>";
		};
		94CE57AB29B2050700BB954D /* NavigationBarButton */ = {
			isa = PBXGroup;
			children = (
				94CE57AC29B2053C00BB954D /* Setting */,
			);
			path = NavigationBarButton;
			sourceTree = "<group>";
		};
		94CE57AC29B2053C00BB954D /* Setting */ = {
			isa = PBXGroup;
			children = (
				94CE57AD29B2055F00BB954D /* SettingViewController.swift */,
				94035A1429BDDFCC008F6D96 /* AlarmSettingViewController.swift */,
				94035A1629BDE11A008F6D96 /* DataResetPopupViewController.swift */,
			);
			path = Setting;
			sourceTree = "<group>";
		};
		94D63B8F29C1ED8300A47802 /* BarcodeScanner */ = {
			isa = PBXGroup;
			children = (
				94D63B9129C1EDB600A47802 /* BarcodeScannerViewController.swift */,
			);
			path = BarcodeScanner;
			sourceTree = "<group>";
		};
		94DEA71629BF1B070014929C /* TabBarController */ = {
			isa = PBXGroup;
			children = (
				94122FF428DC6613004DEED6 /* TabBarController.swift */,
			);
			path = TabBarController;
			sourceTree = "<group>";
		};
		94FF297629C86366009D6594 /* MoreGreenTests */ = {
			isa = PBXGroup;
			children = (
				94FF297F29C866BB009D6594 /* Model */,
				94FF297E29C8660C009D6594 /* Presenter */,
			);
			path = MoreGreenTests;
			sourceTree = "<group>";
		};
		94FF297E29C8660C009D6594 /* Presenter */ = {
			isa = PBXGroup;
			children = (
				94FF297729C86366009D6594 /* GoogleVisionAPIPresenterTest.swift */,
			);
			path = Presenter;
			sourceTree = "<group>";
		};
		94FF297F29C866BB009D6594 /* Model */ = {
			isa = PBXGroup;
			children = (
				94FF298029C866EF009D6594 /* ItemElementsCreatorTests.swift */,
			);
			path = Model;
			sourceTree = "<group>";
		};
/* End PBXGroup section */

/* Begin PBXNativeTarget section */
		94449A8928D9F75C001C8BBB /* MoreGreen */ = {
			isa = PBXNativeTarget;
			buildConfigurationList = 94449AA128D9F75D001C8BBB /* Build configuration list for PBXNativeTarget "MoreGreen" */;
			buildPhases = (
				94449A8628D9F75C001C8BBB /* Sources */,
				94449A8728D9F75C001C8BBB /* Frameworks */,
				94449A8828D9F75C001C8BBB /* Resources */,
			);
			buildRules = (
			);
			dependencies = (
			);
			name = MoreGreen;
			productName = MoreGreen;
			productReference = 94449A8A28D9F75C001C8BBB /* MoreGreen.app */;
			productType = "com.apple.product-type.application";
		};
		94FF297429C86366009D6594 /* MoreGreenTests */ = {
			isa = PBXNativeTarget;
			buildConfigurationList = 94FF297D29C86366009D6594 /* Build configuration list for PBXNativeTarget "MoreGreenTests" */;
			buildPhases = (
				94FF297129C86366009D6594 /* Sources */,
				94FF297229C86366009D6594 /* Frameworks */,
				94FF297329C86366009D6594 /* Resources */,
			);
			buildRules = (
			);
			dependencies = (
				94FF297A29C86366009D6594 /* PBXTargetDependency */,
			);
			name = MoreGreenTests;
			productName = MoreGreenTests;
			productReference = 94FF297529C86366009D6594 /* MoreGreenTests.xctest */;
			productType = "com.apple.product-type.bundle.unit-test";
		};
/* End PBXNativeTarget section */

/* Begin PBXProject section */
		94449A8228D9F75C001C8BBB /* Project object */ = {
			isa = PBXProject;
			attributes = {
				BuildIndependentTargetsInParallel = 1;
				LastSwiftUpdateCheck = 1420;
				LastUpgradeCheck = 1400;
				TargetAttributes = {
					94449A8928D9F75C001C8BBB = {
						CreatedOnToolsVersion = 14.0;
					};
					94FF297429C86366009D6594 = {
						CreatedOnToolsVersion = 14.2;
						TestTargetID = 94449A8928D9F75C001C8BBB;
					};
				};
			};
			buildConfigurationList = 94449A8528D9F75C001C8BBB /* Build configuration list for PBXProject "MoreGreen" */;
			compatibilityVersion = "Xcode 14.0";
			developmentRegion = en;
			hasScannedForEncodings = 0;
			knownRegions = (
				en,
				Base,
			);
			mainGroup = 94449A8128D9F75C001C8BBB;
			productRefGroup = 94449A8B28D9F75C001C8BBB /* Products */;
			projectDirPath = "";
			projectRoot = "";
			targets = (
				94449A8928D9F75C001C8BBB /* MoreGreen */,
				94FF297429C86366009D6594 /* MoreGreenTests */,
			);
		};
/* End PBXProject section */

/* Begin PBXResourcesBuildPhase section */
		94449A8828D9F75C001C8BBB /* Resources */ = {
			isa = PBXResourcesBuildPhase;
			buildActionMask = 2147483647;
			files = (
				943317372917AEEC003CFB16 /* ItemDetail.storyboard in Resources */,
				94449A9D28D9F75D001C8BBB /* LaunchScreen.storyboard in Resources */,
				94CE57B029B2056F00BB954D /* Setting.storyboard in Resources */,
				9472C8B828DF2B24004E4348 /* HomeCardViewCell.xib in Resources */,
				941BF55728FC2012006C8E28 /* HomeCustomHeader.xib in Resources */,
				94449A9A28D9F75D001C8BBB /* Assets.xcassets in Resources */,
				94AF3E6928DC7E3B00502C5B /* ItemList.storyboard in Resources */,
				9472C8B128DF03E8004E4348 /* ButtonCell.xib in Resources */,
				94AF3E7028DC93D400502C5B /* NewItem.storyboard in Resources */,
				94481DA929BC9EF2009928CD /* CameraGuidePopup.storyboard in Resources */,
				94EBF49F28DED51600110F1A /* EndPeriodCell.xib in Resources */,
				942007D028DDC6B40092B699 /* ItemCell.xib in Resources */,
				94035A0A29BDCDE3008F6D96 /* SettingTableViewCell.xib in Resources */,
				949B2AE328DDA2550053E70B /* Profile.storyboard in Resources */,
				942007DC28DDE6740092B699 /* ItemImageCell.xib in Resources */,
				94AF3E6528DC74E800502C5B /* Home.storyboard in Resources */,
				941BF55B28FC380E006C8E28 /* HomeItemCell.xib in Resources */,
				94035A1129BDD6D8008F6D96 /* AlarmSetting.storyboard in Resources */,
				949CD5E128E1931E001D6C67 /* 120.png in Resources */,
				94035A1A29BDE156008F6D96 /* DataResetPopup.storyboard in Resources */,
				9433173D2917E2A5003CFB16 /* CategoryCell.xib in Resources */,
				941BF55F28FC38B6006C8E28 /* HomeItemCollectionViewCell.xib in Resources */,
				94F4F98C28E6F94E00245EB1 /* PhotoResultView.storyboard in Resources */,
				942007D428DDDA120092B699 /* Camera.storyboard in Resources */,
				94F65D5A29BF1D4F004FE5D4 /* NoticeList.storyboard in Resources */,
			);
			runOnlyForDeploymentPostprocessing = 0;
		};
		94FF297329C86366009D6594 /* Resources */ = {
			isa = PBXResourcesBuildPhase;
			buildActionMask = 2147483647;
			files = (
			);
			runOnlyForDeploymentPostprocessing = 0;
		};
/* End PBXResourcesBuildPhase section */

/* Begin PBXSourcesBuildPhase section */
		94449A8628D9F75C001C8BBB /* Sources */ = {
			isa = PBXSourcesBuildPhase;
			buildActionMask = 2147483647;
			files = (
				94D8A99828EB0CA100703FCF /* Date+Utils.swift in Sources */,
				942007D828DDE10D0092B699 /* ExpirationDate.swift in Sources */,
				949B2AE128DDA2420053E70B /* ProfileViewController.swift in Sources */,
				943EED2528FECE2300566648 /* CarouselFlowLayout.swift in Sources */,
				94122FF328DC60DF004DEED6 /* UIFont+Utils.swift in Sources */,
				9472C8B728DF2B24004E4348 /* HomeCardViewCell.swift in Sources */,
				94F65D5C29BF273F004FE5D4 /* TabBarAnimation.swift in Sources */,
				94ED417229E682F900A62CA1 /* NewItemViewPresenter.swift in Sources */,
				94D5A49D29BA0697009B7E6C /* ErrorType.swift in Sources */,
				943317392917B5B2003CFB16 /* CategoryTabBarView.swift in Sources */,
				94AF3E6328DC74D800502C5B /* HomeViewController.swift in Sources */,
				94481DA429BC8110009928CD /* AnimationTime.swift in Sources */,
				94449A8E28D9F75C001C8BBB /* AppDelegate.swift in Sources */,
				949A66CB299CD46100986FA8 /* String+Utils.swift in Sources */,
				94AF3E6728DC7E3000502C5B /* ItemListViewController.swift in Sources */,
				949B2AE528DDB2EA0053E70B /* NoticeListViewController.swift in Sources */,
				942007D628DDE0A20092B699 /* ItemViewPresenter.swift in Sources */,
				94481DA629BC9EB4009928CD /* CameraGuidePopupViewController.swift in Sources */,
				94449A9828D9F75C001C8BBB /* MoreGreen.xcdatamodeld in Sources */,
				94AF3E6C28DC874700502C5B /* CustomTabBar.swift in Sources */,
				949B2AE928DDBE090053E70B /* CALayer+Utils.swift in Sources */,
				94035A1329BDD7D7008F6D96 /* SettingModel.swift in Sources */,
				949B2AEB28DDBE1B0053E70B /* UITabBar+Utils.swift in Sources */,
				942E400229B4BBA100A710CD /* CameraGuideView.swift in Sources */,
				9460320728E328C300C4E0C9 /* UIImage+Utils.swift in Sources */,
				94EBF49E28DED51600110F1A /* EndPeriodCell.swift in Sources */,
				94035A1729BDE11A008F6D96 /* DataResetPopupViewController.swift in Sources */,
				94FF298329C87777009D6594 /* Bundle+Utils.swift in Sources */,
				94122FF528DC6613004DEED6 /* TabBarController.swift in Sources */,
				942007D228DDDA020092B699 /* CameraViewController.swift in Sources */,
				94035A0929BDCDE3008F6D96 /* SettingTableViewCell.swift in Sources */,
				94D63B9229C1EDB600A47802 /* BarcodeScannerViewController.swift in Sources */,
				94ABA94A2906C3E60063CD3D /* UnderLinedMenuBarModel.swift in Sources */,
				941657EF29D064240023D464 /* VisionTextRecognizer.swift in Sources */,
				94CE57AE29B2055F00BB954D /* SettingViewController.swift in Sources */,
				940B0F9928F03AF8003AFE8C /* UIButton+Utils.swift in Sources */,
				94AF3E7228DC93EB00502C5B /* NewItemViewController.swift in Sources */,
				941BF55E28FC38B6006C8E28 /* HomeItemCollectionViewCell.swift in Sources */,
				94035A1529BDDFCC008F6D96 /* AlarmSettingViewController.swift in Sources */,
				94F4F98A28E6F94000245EB1 /* PhotoResultViewController.swift in Sources */,
				9433173C2917E2A5003CFB16 /* CategoryCell.swift in Sources */,
				94449A9028D9F75C001C8BBB /* SceneDelegate.swift in Sources */,
				9406C2E6290159F4002FA72B /* ItemListHeaderPageModel.swift in Sources */,
				943317352917AEB4003CFB16 /* ItemDetailViewController.swift in Sources */,
				94122FF128DC5FE7004DEED6 /* UIColor+Utils.swift in Sources */,
				943E716829C96C52006EFBB6 /* UIView+Utils.swift in Sources */,
				940B0F9B28F03D81003AFE8C /* showItemInfoDetailButton.swift in Sources */,
				942007CF28DDC6B40092B699 /* ItemCell.swift in Sources */,
				942E3FFE29B49B4200A710CD /* AppAppearance.swift in Sources */,
				942007DB28DDE6740092B699 /* ItemImageCell.swift in Sources */,
				9460320528E2E4DC00C4E0C9 /* ItemElementsCreator.swift in Sources */,
				941BF55A28FC380E006C8E28 /* HomeItemCell.swift in Sources */,
				941BF55128FC1EDD006C8E28 /* HomeCustomHeader.swift in Sources */,
				9472C8B028DF03E8004E4348 /* ButtonCell.swift in Sources */,
			);
			runOnlyForDeploymentPostprocessing = 0;
		};
		94FF297129C86366009D6594 /* Sources */ = {
			isa = PBXSourcesBuildPhase;
			buildActionMask = 2147483647;
			files = (
				94FF298129C866EF009D6594 /* ItemElementsCreatorTests.swift in Sources */,
				94FF297829C86366009D6594 /* GoogleVisionAPIPresenterTest.swift in Sources */,
			);
			runOnlyForDeploymentPostprocessing = 0;
		};
/* End PBXSourcesBuildPhase section */

/* Begin PBXTargetDependency section */
		94FF297A29C86366009D6594 /* PBXTargetDependency */ = {
			isa = PBXTargetDependency;
			target = 94449A8928D9F75C001C8BBB /* MoreGreen */;
			targetProxy = 94FF297929C86366009D6594 /* PBXContainerItemProxy */;
		};
/* End PBXTargetDependency section */

/* Begin PBXVariantGroup section */
		94449A9B28D9F75D001C8BBB /* LaunchScreen.storyboard */ = {
			isa = PBXVariantGroup;
			children = (
				94449A9C28D9F75D001C8BBB /* Base */,
			);
			name = LaunchScreen.storyboard;
			sourceTree = "<group>";
		};
/* End PBXVariantGroup section */

/* Begin XCBuildConfiguration section */
		94449A9F28D9F75D001C8BBB /* Debug */ = {
			isa = XCBuildConfiguration;
			buildSettings = {
				ALWAYS_SEARCH_USER_PATHS = NO;
				CLANG_ANALYZER_NONNULL = YES;
				CLANG_ANALYZER_NUMBER_OBJECT_CONVERSION = YES_AGGRESSIVE;
				CLANG_CXX_LANGUAGE_STANDARD = "gnu++20";
				CLANG_ENABLE_MODULES = YES;
				CLANG_ENABLE_OBJC_ARC = YES;
				CLANG_ENABLE_OBJC_WEAK = YES;
				CLANG_WARN_BLOCK_CAPTURE_AUTORELEASING = YES;
				CLANG_WARN_BOOL_CONVERSION = YES;
				CLANG_WARN_COMMA = YES;
				CLANG_WARN_CONSTANT_CONVERSION = YES;
				CLANG_WARN_DEPRECATED_OBJC_IMPLEMENTATIONS = YES;
				CLANG_WARN_DIRECT_OBJC_ISA_USAGE = YES_ERROR;
				CLANG_WARN_DOCUMENTATION_COMMENTS = YES;
				CLANG_WARN_EMPTY_BODY = YES;
				CLANG_WARN_ENUM_CONVERSION = YES;
				CLANG_WARN_INFINITE_RECURSION = YES;
				CLANG_WARN_INT_CONVERSION = YES;
				CLANG_WARN_NON_LITERAL_NULL_CONVERSION = YES;
				CLANG_WARN_OBJC_IMPLICIT_RETAIN_SELF = YES;
				CLANG_WARN_OBJC_LITERAL_CONVERSION = YES;
				CLANG_WARN_OBJC_ROOT_CLASS = YES_ERROR;
				CLANG_WARN_QUOTED_INCLUDE_IN_FRAMEWORK_HEADER = YES;
				CLANG_WARN_RANGE_LOOP_ANALYSIS = YES;
				CLANG_WARN_STRICT_PROTOTYPES = YES;
				CLANG_WARN_SUSPICIOUS_MOVE = YES;
				CLANG_WARN_UNGUARDED_AVAILABILITY = YES_AGGRESSIVE;
				CLANG_WARN_UNREACHABLE_CODE = YES;
				CLANG_WARN__DUPLICATE_METHOD_MATCH = YES;
				COPY_PHASE_STRIP = NO;
				DEBUG_INFORMATION_FORMAT = dwarf;
				ENABLE_STRICT_OBJC_MSGSEND = YES;
				ENABLE_TESTABILITY = YES;
				GCC_C_LANGUAGE_STANDARD = gnu11;
				GCC_DYNAMIC_NO_PIC = NO;
				GCC_NO_COMMON_BLOCKS = YES;
				GCC_OPTIMIZATION_LEVEL = 0;
				GCC_PREPROCESSOR_DEFINITIONS = (
					"DEBUG=1",
					"$(inherited)",
				);
				GCC_WARN_64_TO_32_BIT_CONVERSION = YES;
				GCC_WARN_ABOUT_RETURN_TYPE = YES_ERROR;
				GCC_WARN_UNDECLARED_SELECTOR = YES;
				GCC_WARN_UNINITIALIZED_AUTOS = YES_AGGRESSIVE;
				GCC_WARN_UNUSED_FUNCTION = YES;
				GCC_WARN_UNUSED_VARIABLE = YES;
				IPHONEOS_DEPLOYMENT_TARGET = 16.0;
				MTL_ENABLE_DEBUG_INFO = INCLUDE_SOURCE;
				MTL_FAST_MATH = YES;
				ONLY_ACTIVE_ARCH = YES;
				SDKROOT = iphoneos;
				SWIFT_ACTIVE_COMPILATION_CONDITIONS = DEBUG;
				SWIFT_OPTIMIZATION_LEVEL = "-Onone";
			};
			name = Debug;
		};
		94449AA028D9F75D001C8BBB /* Release */ = {
			isa = XCBuildConfiguration;
			buildSettings = {
				ALWAYS_SEARCH_USER_PATHS = NO;
				CLANG_ANALYZER_NONNULL = YES;
				CLANG_ANALYZER_NUMBER_OBJECT_CONVERSION = YES_AGGRESSIVE;
				CLANG_CXX_LANGUAGE_STANDARD = "gnu++20";
				CLANG_ENABLE_MODULES = YES;
				CLANG_ENABLE_OBJC_ARC = YES;
				CLANG_ENABLE_OBJC_WEAK = YES;
				CLANG_WARN_BLOCK_CAPTURE_AUTORELEASING = YES;
				CLANG_WARN_BOOL_CONVERSION = YES;
				CLANG_WARN_COMMA = YES;
				CLANG_WARN_CONSTANT_CONVERSION = YES;
				CLANG_WARN_DEPRECATED_OBJC_IMPLEMENTATIONS = YES;
				CLANG_WARN_DIRECT_OBJC_ISA_USAGE = YES_ERROR;
				CLANG_WARN_DOCUMENTATION_COMMENTS = YES;
				CLANG_WARN_EMPTY_BODY = YES;
				CLANG_WARN_ENUM_CONVERSION = YES;
				CLANG_WARN_INFINITE_RECURSION = YES;
				CLANG_WARN_INT_CONVERSION = YES;
				CLANG_WARN_NON_LITERAL_NULL_CONVERSION = YES;
				CLANG_WARN_OBJC_IMPLICIT_RETAIN_SELF = YES;
				CLANG_WARN_OBJC_LITERAL_CONVERSION = YES;
				CLANG_WARN_OBJC_ROOT_CLASS = YES_ERROR;
				CLANG_WARN_QUOTED_INCLUDE_IN_FRAMEWORK_HEADER = YES;
				CLANG_WARN_RANGE_LOOP_ANALYSIS = YES;
				CLANG_WARN_STRICT_PROTOTYPES = YES;
				CLANG_WARN_SUSPICIOUS_MOVE = YES;
				CLANG_WARN_UNGUARDED_AVAILABILITY = YES_AGGRESSIVE;
				CLANG_WARN_UNREACHABLE_CODE = YES;
				CLANG_WARN__DUPLICATE_METHOD_MATCH = YES;
				COPY_PHASE_STRIP = NO;
				DEBUG_INFORMATION_FORMAT = "dwarf-with-dsym";
				ENABLE_NS_ASSERTIONS = NO;
				ENABLE_STRICT_OBJC_MSGSEND = YES;
				GCC_C_LANGUAGE_STANDARD = gnu11;
				GCC_NO_COMMON_BLOCKS = YES;
				GCC_WARN_64_TO_32_BIT_CONVERSION = YES;
				GCC_WARN_ABOUT_RETURN_TYPE = YES_ERROR;
				GCC_WARN_UNDECLARED_SELECTOR = YES;
				GCC_WARN_UNINITIALIZED_AUTOS = YES_AGGRESSIVE;
				GCC_WARN_UNUSED_FUNCTION = YES;
				GCC_WARN_UNUSED_VARIABLE = YES;
				IPHONEOS_DEPLOYMENT_TARGET = 16.0;
				MTL_ENABLE_DEBUG_INFO = NO;
				MTL_FAST_MATH = YES;
				SDKROOT = iphoneos;
				SWIFT_COMPILATION_MODE = wholemodule;
				SWIFT_OPTIMIZATION_LEVEL = "-O";
				VALIDATE_PRODUCT = YES;
			};
			name = Release;
		};
		94449AA228D9F75D001C8BBB /* Debug */ = {
			isa = XCBuildConfiguration;
			buildSettings = {
				ASSETCATALOG_COMPILER_APPICON_NAME = AppIcon;
				ASSETCATALOG_COMPILER_GLOBAL_ACCENT_COLOR_NAME = AccentColor;
				CODE_SIGN_STYLE = Automatic;
				CURRENT_PROJECT_VERSION = 1;
				DEVELOPMENT_TEAM = UNTPRP3C66;
				GENERATE_INFOPLIST_FILE = YES;
				INFOPLIST_FILE = MoreGreen/Resources/Info.plist;
				INFOPLIST_KEY_UIApplicationSupportsIndirectInputEvents = YES;
				INFOPLIST_KEY_UILaunchStoryboardName = LaunchScreen;
				INFOPLIST_KEY_UIMainStoryboardFile = "";
				INFOPLIST_KEY_UISupportedInterfaceOrientations_iPad = "UIInterfaceOrientationPortrait UIInterfaceOrientationPortraitUpsideDown UIInterfaceOrientationLandscapeLeft UIInterfaceOrientationLandscapeRight";
				INFOPLIST_KEY_UISupportedInterfaceOrientations_iPhone = "UIInterfaceOrientationPortrait UIInterfaceOrientationLandscapeLeft UIInterfaceOrientationLandscapeRight";
				LD_RUNPATH_SEARCH_PATHS = (
					"$(inherited)",
					"@executable_path/Frameworks",
				);
				MARKETING_VERSION = 1.0;
				PRODUCT_BUNDLE_IDENTIFIER = jp.kyulee.MoreGreen;
				PRODUCT_NAME = "$(TARGET_NAME)";
				SWIFT_EMIT_LOC_STRINGS = YES;
				SWIFT_VERSION = 5.0;
				TARGETED_DEVICE_FAMILY = "1,2";
			};
			name = Debug;
		};
		94449AA328D9F75D001C8BBB /* Release */ = {
			isa = XCBuildConfiguration;
			buildSettings = {
				ASSETCATALOG_COMPILER_APPICON_NAME = AppIcon;
				ASSETCATALOG_COMPILER_GLOBAL_ACCENT_COLOR_NAME = AccentColor;
				CODE_SIGN_STYLE = Automatic;
				CURRENT_PROJECT_VERSION = 1;
				DEVELOPMENT_TEAM = UNTPRP3C66;
				GENERATE_INFOPLIST_FILE = YES;
				INFOPLIST_FILE = MoreGreen/Resources/Info.plist;
				INFOPLIST_KEY_UIApplicationSupportsIndirectInputEvents = YES;
				INFOPLIST_KEY_UILaunchStoryboardName = LaunchScreen;
				INFOPLIST_KEY_UIMainStoryboardFile = "";
				INFOPLIST_KEY_UISupportedInterfaceOrientations_iPad = "UIInterfaceOrientationPortrait UIInterfaceOrientationPortraitUpsideDown UIInterfaceOrientationLandscapeLeft UIInterfaceOrientationLandscapeRight";
				INFOPLIST_KEY_UISupportedInterfaceOrientations_iPhone = "UIInterfaceOrientationPortrait UIInterfaceOrientationLandscapeLeft UIInterfaceOrientationLandscapeRight";
				LD_RUNPATH_SEARCH_PATHS = (
					"$(inherited)",
					"@executable_path/Frameworks",
				);
				MARKETING_VERSION = 1.0;
				PRODUCT_BUNDLE_IDENTIFIER = jp.kyulee.MoreGreen;
				PRODUCT_NAME = "$(TARGET_NAME)";
				SWIFT_EMIT_LOC_STRINGS = YES;
				SWIFT_VERSION = 5.0;
				TARGETED_DEVICE_FAMILY = "1,2";
			};
			name = Release;
		};
		94FF297B29C86366009D6594 /* Debug */ = {
			isa = XCBuildConfiguration;
			buildSettings = {
				BUNDLE_LOADER = "$(TEST_HOST)";
				CODE_SIGN_STYLE = Automatic;
				CURRENT_PROJECT_VERSION = 1;
				DEVELOPMENT_TEAM = UNTPRP3C66;
				GENERATE_INFOPLIST_FILE = YES;
				IPHONEOS_DEPLOYMENT_TARGET = 16.0;
				MACOSX_DEPLOYMENT_TARGET = 12.6;
				MARKETING_VERSION = 1.0;
				PRODUCT_BUNDLE_IDENTIFIER = jp.kyulee.MoreGreenTests;
				PRODUCT_NAME = "$(TARGET_NAME)";
				SDKROOT = auto;
				SUPPORTED_PLATFORMS = "iphoneos iphonesimulator macosx";
				SWIFT_EMIT_LOC_STRINGS = NO;
				SWIFT_VERSION = 5.0;
				TARGETED_DEVICE_FAMILY = "1,2";
				TEST_HOST = "$(BUILT_PRODUCTS_DIR)/MoreGreen.app/$(BUNDLE_EXECUTABLE_FOLDER_PATH)/MoreGreen";
			};
			name = Debug;
		};
		94FF297C29C86366009D6594 /* Release */ = {
			isa = XCBuildConfiguration;
			buildSettings = {
				BUNDLE_LOADER = "$(TEST_HOST)";
				CODE_SIGN_STYLE = Automatic;
				CURRENT_PROJECT_VERSION = 1;
				DEVELOPMENT_TEAM = UNTPRP3C66;
				GENERATE_INFOPLIST_FILE = YES;
				IPHONEOS_DEPLOYMENT_TARGET = 16.0;
				MACOSX_DEPLOYMENT_TARGET = 12.6;
				MARKETING_VERSION = 1.0;
				PRODUCT_BUNDLE_IDENTIFIER = jp.kyulee.MoreGreenTests;
				PRODUCT_NAME = "$(TARGET_NAME)";
				SDKROOT = auto;
				SUPPORTED_PLATFORMS = "iphoneos iphonesimulator macosx";
				SWIFT_EMIT_LOC_STRINGS = NO;
				SWIFT_VERSION = 5.0;
				TARGETED_DEVICE_FAMILY = "1,2";
				TEST_HOST = "$(BUILT_PRODUCTS_DIR)/MoreGreen.app/$(BUNDLE_EXECUTABLE_FOLDER_PATH)/MoreGreen";
			};
			name = Release;
		};
/* End XCBuildConfiguration section */

/* Begin XCConfigurationList section */
		94449A8528D9F75C001C8BBB /* Build configuration list for PBXProject "MoreGreen" */ = {
			isa = XCConfigurationList;
			buildConfigurations = (
				94449A9F28D9F75D001C8BBB /* Debug */,
				94449AA028D9F75D001C8BBB /* Release */,
			);
			defaultConfigurationIsVisible = 0;
			defaultConfigurationName = Release;
		};
		94449AA128D9F75D001C8BBB /* Build configuration list for PBXNativeTarget "MoreGreen" */ = {
			isa = XCConfigurationList;
			buildConfigurations = (
				94449AA228D9F75D001C8BBB /* Debug */,
				94449AA328D9F75D001C8BBB /* Release */,
			);
			defaultConfigurationIsVisible = 0;
			defaultConfigurationName = Release;
		};
		94FF297D29C86366009D6594 /* Build configuration list for PBXNativeTarget "MoreGreenTests" */ = {
			isa = XCConfigurationList;
			buildConfigurations = (
				94FF297B29C86366009D6594 /* Debug */,
				94FF297C29C86366009D6594 /* Release */,
			);
			defaultConfigurationIsVisible = 0;
			defaultConfigurationName = Release;
		};
/* End XCConfigurationList section */

/* Begin XCVersionGroup section */
		94449A9628D9F75C001C8BBB /* MoreGreen.xcdatamodeld */ = {
			isa = XCVersionGroup;
			children = (
				94449A9728D9F75C001C8BBB /* MoreGreen.xcdatamodel */,
			);
			currentVersion = 94449A9728D9F75C001C8BBB /* MoreGreen.xcdatamodel */;
			path = MoreGreen.xcdatamodeld;
			sourceTree = "<group>";
			versionGroupType = wrapper.xcdatamodel;
		};
/* End XCVersionGroup section */
	};
	rootObject = 94449A8228D9F75C001C8BBB /* Project object */;
}
