// !$*UTF8*$!
{
	archiveVersion = 1;
	classes = {
	};
	objectVersion = 56;
	objects = {

/* Begin PBXBuildFile section */
		94449A8E28D9F75C001C8BBB /* AppDelegate.swift in Sources */ = {isa = PBXBuildFile; fileRef = 94449A8D28D9F75C001C8BBB /* AppDelegate.swift */; };
		94449A9028D9F75C001C8BBB /* SceneDelegate.swift in Sources */ = {isa = PBXBuildFile; fileRef = 94449A8F28D9F75C001C8BBB /* SceneDelegate.swift */; };
		94449A9228D9F75C001C8BBB /* ViewController.swift in Sources */ = {isa = PBXBuildFile; fileRef = 94449A9128D9F75C001C8BBB /* ViewController.swift */; };
		94449A9528D9F75C001C8BBB /* Main.storyboard in Resources */ = {isa = PBXBuildFile; fileRef = 94449A9328D9F75C001C8BBB /* Main.storyboard */; };
		94449A9828D9F75C001C8BBB /* MoreGreen.xcdatamodeld in Sources */ = {isa = PBXBuildFile; fileRef = 94449A9628D9F75C001C8BBB /* MoreGreen.xcdatamodeld */; };
		94449A9A28D9F75D001C8BBB /* Assets.xcassets in Resources */ = {isa = PBXBuildFile; fileRef = 94449A9928D9F75D001C8BBB /* Assets.xcassets */; };
		94449A9D28D9F75D001C8BBB /* LaunchScreen.storyboard in Resources */ = {isa = PBXBuildFile; fileRef = 94449A9B28D9F75D001C8BBB /* LaunchScreen.storyboard */; };
/* End PBXBuildFile section */

/* Begin PBXFileReference section */
		94449A8A28D9F75C001C8BBB /* MoreGreen.app */ = {isa = PBXFileReference; explicitFileType = wrapper.application; includeInIndex = 0; path = MoreGreen.app; sourceTree = BUILT_PRODUCTS_DIR; };
		94449A8D28D9F75C001C8BBB /* AppDelegate.swift */ = {isa = PBXFileReference; lastKnownFileType = sourcecode.swift; path = AppDelegate.swift; sourceTree = "<group>"; };
		94449A8F28D9F75C001C8BBB /* SceneDelegate.swift */ = {isa = PBXFileReference; lastKnownFileType = sourcecode.swift; path = SceneDelegate.swift; sourceTree = "<group>"; };
		94449A9128D9F75C001C8BBB /* ViewController.swift */ = {isa = PBXFileReference; lastKnownFileType = sourcecode.swift; path = ViewController.swift; sourceTree = "<group>"; };
		94449A9428D9F75C001C8BBB /* Base */ = {isa = PBXFileReference; lastKnownFileType = file.storyboard; name = Base; path = Base.lproj/Main.storyboard; sourceTree = "<group>"; };
		94449A9728D9F75C001C8BBB /* MoreGreen.xcdatamodel */ = {isa = PBXFileReference; lastKnownFileType = wrapper.xcdatamodel; path = MoreGreen.xcdatamodel; sourceTree = "<group>"; };
		94449A9928D9F75D001C8BBB /* Assets.xcassets */ = {isa = PBXFileReference; lastKnownFileType = folder.assetcatalog; path = Assets.xcassets; sourceTree = "<group>"; };
		94449A9C28D9F75D001C8BBB /* Base */ = {isa = PBXFileReference; lastKnownFileType = file.storyboard; name = Base; path = Base.lproj/LaunchScreen.storyboard; sourceTree = "<group>"; };
		94449A9E28D9F75D001C8BBB /* Info.plist */ = {isa = PBXFileReference; lastKnownFileType = text.plist.xml; path = Info.plist; sourceTree = "<group>"; };
/* End PBXFileReference section */

/* Begin PBXFrameworksBuildPhase section */
		94449A8728D9F75C001C8BBB /* Frameworks */ = {
			isa = PBXFrameworksBuildPhase;
			buildActionMask = 2147483647;
			files = (
			);
			runOnlyForDeploymentPostprocessing = 0;
		};
/* End PBXFrameworksBuildPhase section */

/* Begin PBXGroup section */
		94449A8128D9F75C001C8BBB = {
			isa = PBXGroup;
			children = (
				94449A8C28D9F75C001C8BBB /* MoreGreen */,
				94449A8B28D9F75C001C8BBB /* Products */,
			);
			sourceTree = "<group>";
		};
		94449A8B28D9F75C001C8BBB /* Products */ = {
			isa = PBXGroup;
			children = (
				94449A8A28D9F75C001C8BBB /* MoreGreen.app */,
			);
			name = Products;
			sourceTree = "<group>";
		};
		94449A8C28D9F75C001C8BBB /* MoreGreen */ = {
			isa = PBXGroup;
			children = (
				94449A8D28D9F75C001C8BBB /* AppDelegate.swift */,
				94449A8F28D9F75C001C8BBB /* SceneDelegate.swift */,
				94449A9128D9F75C001C8BBB /* ViewController.swift */,
				94449A9328D9F75C001C8BBB /* Main.storyboard */,
				94449A9928D9F75D001C8BBB /* Assets.xcassets */,
				94449A9B28D9F75D001C8BBB /* LaunchScreen.storyboard */,
				94449A9E28D9F75D001C8BBB /* Info.plist */,
				94449A9628D9F75C001C8BBB /* MoreGreen.xcdatamodeld */,
			);
			path = MoreGreen;
			sourceTree = "<group>";
		};
/* End PBXGroup section */

/* Begin PBXNativeTarget section */
		94449A8928D9F75C001C8BBB /* MoreGreen */ = {
			isa = PBXNativeTarget;
			buildConfigurationList = 94449AA128D9F75D001C8BBB /* Build configuration list for PBXNativeTarget "MoreGreen" */;
			buildPhases = (
				94449A8628D9F75C001C8BBB /* Sources */,
				94449A8728D9F75C001C8BBB /* Frameworks */,
				94449A8828D9F75C001C8BBB /* Resources */,
			);
			buildRules = (
			);
			dependencies = (
			);
			name = MoreGreen;
			productName = MoreGreen;
			productReference = 94449A8A28D9F75C001C8BBB /* MoreGreen.app */;
			productType = "com.apple.product-type.application";
		};
/* End PBXNativeTarget section */

/* Begin PBXProject section */
		94449A8228D9F75C001C8BBB /* Project object */ = {
			isa = PBXProject;
			attributes = {
				BuildIndependentTargetsInParallel = 1;
				LastSwiftUpdateCheck = 1400;
				LastUpgradeCheck = 1400;
				TargetAttributes = {
					94449A8928D9F75C001C8BBB = {
						CreatedOnToolsVersion = 14.0;
					};
				};
			};
			buildConfigurationList = 94449A8528D9F75C001C8BBB /* Build configuration list for PBXProject "MoreGreen" */;
			compatibilityVersion = "Xcode 14.0";
			developmentRegion = en;
			hasScannedForEncodings = 0;
			knownRegions = (
				en,
				Base,
			);
			mainGroup = 94449A8128D9F75C001C8BBB;
			productRefGroup = 94449A8B28D9F75C001C8BBB /* Products */;
			projectDirPath = "";
			projectRoot = "";
			targets = (
				94449A8928D9F75C001C8BBB /* MoreGreen */,
			);
		};
/* End PBXProject section */

/* Begin PBXResourcesBuildPhase section */
		94449A8828D9F75C001C8BBB /* Resources */ = {
			isa = PBXResourcesBuildPhase;
			buildActionMask = 2147483647;
			files = (
				94449A9D28D9F75D001C8BBB /* LaunchScreen.storyboard in Resources */,
				94449A9A28D9F75D001C8BBB /* Assets.xcassets in Resources */,
				94449A9528D9F75C001C8BBB /* Main.storyboard in Resources */,
			);
			runOnlyForDeploymentPostprocessing = 0;
		};
/* End PBXResourcesBuildPhase section */

/* Begin PBXSourcesBuildPhase section */
		94449A8628D9F75C001C8BBB /* Sources */ = {
			isa = PBXSourcesBuildPhase;
			buildActionMask = 2147483647;
			files = (
				94449A9228D9F75C001C8BBB /* ViewController.swift in Sources */,
				94449A8E28D9F75C001C8BBB /* AppDelegate.swift in Sources */,
				94449A9828D9F75C001C8BBB /* MoreGreen.xcdatamodeld in Sources */,
				94449A9028D9F75C001C8BBB /* SceneDelegate.swift in Sources */,
			);
			runOnlyForDeploymentPostprocessing = 0;
		};
/* End PBXSourcesBuildPhase section */

/* Begin PBXVariantGroup section */
		94449A9328D9F75C001C8BBB /* Main.storyboard */ = {
			isa = PBXVariantGroup;
			children = (
				94449A9428D9F75C001C8BBB /* Base */,
			);
			name = Main.storyboard;
			sourceTree = "<group>";
		};
		94449A9B28D9F75D001C8BBB /* LaunchScreen.storyboard */ = {
			isa = PBXVariantGroup;
			children = (
				94449A9C28D9F75D001C8BBB /* Base */,
			);
			name = LaunchScreen.storyboard;
			sourceTree = "<group>";
		};
/* End PBXVariantGroup section */

/* Begin XCBuildConfiguration section */
		94449A9F28D9F75D001C8BBB /* Debug */ = {
			isa = XCBuildConfiguration;
			buildSettings = {
				ALWAYS_SEARCH_USER_PATHS = NO;
				CLANG_ANALYZER_NONNULL = YES;
				CLANG_ANALYZER_NUMBER_OBJECT_CONVERSION = YES_AGGRESSIVE;
				CLANG_CXX_LANGUAGE_STANDARD = "gnu++20";
				CLANG_ENABLE_MODULES = YES;
				CLANG_ENABLE_OBJC_ARC = YES;
				CLANG_ENABLE_OBJC_WEAK = YES;
				CLANG_WARN_BLOCK_CAPTURE_AUTORELEASING = YES;
				CLANG_WARN_BOOL_CONVERSION = YES;
				CLANG_WARN_COMMA = YES;
				CLANG_WARN_CONSTANT_CONVERSION = YES;
				CLANG_WARN_DEPRECATED_OBJC_IMPLEMENTATIONS = YES;
				CLANG_WARN_DIRECT_OBJC_ISA_USAGE = YES_ERROR;
				CLANG_WARN_DOCUMENTATION_COMMENTS = YES;
				CLANG_WARN_EMPTY_BODY = YES;
				CLANG_WARN_ENUM_CONVERSION = YES;
				CLANG_WARN_INFINITE_RECURSION = YES;
				CLANG_WARN_INT_CONVERSION = YES;
				CLANG_WARN_NON_LITERAL_NULL_CONVERSION = YES;
				CLANG_WARN_OBJC_IMPLICIT_RETAIN_SELF = YES;
				CLANG_WARN_OBJC_LITERAL_CONVERSION = YES;
				CLANG_WARN_OBJC_ROOT_CLASS = YES_ERROR;
				CLANG_WARN_QUOTED_INCLUDE_IN_FRAMEWORK_HEADER = YES;
				CLANG_WARN_RANGE_LOOP_ANALYSIS = YES;
				CLANG_WARN_STRICT_PROTOTYPES = YES;
				CLANG_WARN_SUSPICIOUS_MOVE = YES;
				CLANG_WARN_UNGUARDED_AVAILABILITY = YES_AGGRESSIVE;
				CLANG_WARN_UNREACHABLE_CODE = YES;
				CLANG_WARN__DUPLICATE_METHOD_MATCH = YES;
				COPY_PHASE_STRIP = NO;
				DEBUG_INFORMATION_FORMAT = dwarf;
				ENABLE_STRICT_OBJC_MSGSEND = YES;
				ENABLE_TESTABILITY = YES;
				GCC_C_LANGUAGE_STANDARD = gnu11;
				GCC_DYNAMIC_NO_PIC = NO;
				GCC_NO_COMMON_BLOCKS = YES;
				GCC_OPTIMIZATION_LEVEL = 0;
				GCC_PREPROCESSOR_DEFINITIONS = (
					"DEBUG=1",
					"$(inherited)",
				);
				GCC_WARN_64_TO_32_BIT_CONVERSION = YES;
				GCC_WARN_ABOUT_RETURN_TYPE = YES_ERROR;
				GCC_WARN_UNDECLARED_SELECTOR = YES;
				GCC_WARN_UNINITIALIZED_AUTOS = YES_AGGRESSIVE;
				GCC_WARN_UNUSED_FUNCTION = YES;
				GCC_WARN_UNUSED_VARIABLE = YES;
				IPHONEOS_DEPLOYMENT_TARGET = 16.0;
				MTL_ENABLE_DEBUG_INFO = INCLUDE_SOURCE;
				MTL_FAST_MATH = YES;
				ONLY_ACTIVE_ARCH = YES;
				SDKROOT = iphoneos;
				SWIFT_ACTIVE_COMPILATION_CONDITIONS = DEBUG;
				SWIFT_OPTIMIZATION_LEVEL = "-Onone";
			};
			name = Debug;
		};
		94449AA028D9F75D001C8BBB /* Release */ = {
			isa = XCBuildConfiguration;
			buildSettings = {
				ALWAYS_SEARCH_USER_PATHS = NO;
				CLANG_ANALYZER_NONNULL = YES;
				CLANG_ANALYZER_NUMBER_OBJECT_CONVERSION = YES_AGGRESSIVE;
				CLANG_CXX_LANGUAGE_STANDARD = "gnu++20";
				CLANG_ENABLE_MODULES = YES;
				CLANG_ENABLE_OBJC_ARC = YES;
				CLANG_ENABLE_OBJC_WEAK = YES;
				CLANG_WARN_BLOCK_CAPTURE_AUTORELEASING = YES;
				CLANG_WARN_BOOL_CONVERSION = YES;
				CLANG_WARN_COMMA = YES;
				CLANG_WARN_CONSTANT_CONVERSION = YES;
				CLANG_WARN_DEPRECATED_OBJC_IMPLEMENTATIONS = YES;
				CLANG_WARN_DIRECT_OBJC_ISA_USAGE = YES_ERROR;
				CLANG_WARN_DOCUMENTATION_COMMENTS = YES;
				CLANG_WARN_EMPTY_BODY = YES;
				CLANG_WARN_ENUM_CONVERSION = YES;
				CLANG_WARN_INFINITE_RECURSION = YES;
				CLANG_WARN_INT_CONVERSION = YES;
				CLANG_WARN_NON_LITERAL_NULL_CONVERSION = YES;
				CLANG_WARN_OBJC_IMPLICIT_RETAIN_SELF = YES;
				CLANG_WARN_OBJC_LITERAL_CONVERSION = YES;
				CLANG_WARN_OBJC_ROOT_CLASS = YES_ERROR;
				CLANG_WARN_QUOTED_INCLUDE_IN_FRAMEWORK_HEADER = YES;
				CLANG_WARN_RANGE_LOOP_ANALYSIS = YES;
				CLANG_WARN_STRICT_PROTOTYPES = YES;
				CLANG_WARN_SUSPICIOUS_MOVE = YES;
				CLANG_WARN_UNGUARDED_AVAILABILITY = YES_AGGRESSIVE;
				CLANG_WARN_UNREACHABLE_CODE = YES;
				CLANG_WARN__DUPLICATE_METHOD_MATCH = YES;
				COPY_PHASE_STRIP = NO;
				DEBUG_INFORMATION_FORMAT = "dwarf-with-dsym";
				ENABLE_NS_ASSERTIONS = NO;
				ENABLE_STRICT_OBJC_MSGSEND = YES;
				GCC_C_LANGUAGE_STANDARD = gnu11;
				GCC_NO_COMMON_BLOCKS = YES;
				GCC_WARN_64_TO_32_BIT_CONVERSION = YES;
				GCC_WARN_ABOUT_RETURN_TYPE = YES_ERROR;
				GCC_WARN_UNDECLARED_SELECTOR = YES;
				GCC_WARN_UNINITIALIZED_AUTOS = YES_AGGRESSIVE;
				GCC_WARN_UNUSED_FUNCTION = YES;
				GCC_WARN_UNUSED_VARIABLE = YES;
				IPHONEOS_DEPLOYMENT_TARGET = 16.0;
				MTL_ENABLE_DEBUG_INFO = NO;
				MTL_FAST_MATH = YES;
				SDKROOT = iphoneos;
				SWIFT_COMPILATION_MODE = wholemodule;
				SWIFT_OPTIMIZATION_LEVEL = "-O";
				VALIDATE_PRODUCT = YES;
			};
			name = Release;
		};
		94449AA228D9F75D001C8BBB /* Debug */ = {
			isa = XCBuildConfiguration;
			buildSettings = {
				ASSETCATALOG_COMPILER_APPICON_NAME = AppIcon;
				ASSETCATALOG_COMPILER_GLOBAL_ACCENT_COLOR_NAME = AccentColor;
				CODE_SIGN_STYLE = Automatic;
				CURRENT_PROJECT_VERSION = 1;
				DEVELOPMENT_TEAM = UNTPRP3C66;
				GENERATE_INFOPLIST_FILE = YES;
				INFOPLIST_FILE = MoreGreen/Info.plist;
				INFOPLIST_KEY_UIApplicationSupportsIndirectInputEvents = YES;
				INFOPLIST_KEY_UILaunchStoryboardName = LaunchScreen;
				INFOPLIST_KEY_UIMainStoryboardFile = Main;
				INFOPLIST_KEY_UISupportedInterfaceOrientations_iPad = "UIInterfaceOrientationPortrait UIInterfaceOrientationPortraitUpsideDown UIInterfaceOrientationLandscapeLeft UIInterfaceOrientationLandscapeRight";
				INFOPLIST_KEY_UISupportedInterfaceOrientations_iPhone = "UIInterfaceOrientationPortrait UIInterfaceOrientationLandscapeLeft UIInterfaceOrientationLandscapeRight";
				LD_RUNPATH_SEARCH_PATHS = (
					"$(inherited)",
					"@executable_path/Frameworks",
				);
				MARKETING_VERSION = 1.0;
				PRODUCT_BUNDLE_IDENTIFIER = jp.kyulee.MoreGreen;
				PRODUCT_NAME = "$(TARGET_NAME)";
				SWIFT_EMIT_LOC_STRINGS = YES;
				SWIFT_VERSION = 5.0;
				TARGETED_DEVICE_FAMILY = "1,2";
			};
			name = Debug;
		};
		94449AA328D9F75D001C8BBB /* Release */ = {
			isa = XCBuildConfiguration;
			buildSettings = {
				ASSETCATALOG_COMPILER_APPICON_NAME = AppIcon;
				ASSETCATALOG_COMPILER_GLOBAL_ACCENT_COLOR_NAME = AccentColor;
				CODE_SIGN_STYLE = Automatic;
				CURRENT_PROJECT_VERSION = 1;
				DEVELOPMENT_TEAM = UNTPRP3C66;
				GENERATE_INFOPLIST_FILE = YES;
				INFOPLIST_FILE = MoreGreen/Info.plist;
				INFOPLIST_KEY_UIApplicationSupportsIndirectInputEvents = YES;
				INFOPLIST_KEY_UILaunchStoryboardName = LaunchScreen;
				INFOPLIST_KEY_UIMainStoryboardFile = Main;
				INFOPLIST_KEY_UISupportedInterfaceOrientations_iPad = "UIInterfaceOrientationPortrait UIInterfaceOrientationPortraitUpsideDown UIInterfaceOrientationLandscapeLeft UIInterfaceOrientationLandscapeRight";
				INFOPLIST_KEY_UISupportedInterfaceOrientations_iPhone = "UIInterfaceOrientationPortrait UIInterfaceOrientationLandscapeLeft UIInterfaceOrientationLandscapeRight";
				LD_RUNPATH_SEARCH_PATHS = (
					"$(inherited)",
					"@executable_path/Frameworks",
				);
				MARKETING_VERSION = 1.0;
				PRODUCT_BUNDLE_IDENTIFIER = jp.kyulee.MoreGreen;
				PRODUCT_NAME = "$(TARGET_NAME)";
				SWIFT_EMIT_LOC_STRINGS = YES;
				SWIFT_VERSION = 5.0;
				TARGETED_DEVICE_FAMILY = "1,2";
			};
			name = Release;
		};
/* End XCBuildConfiguration section */

/* Begin XCConfigurationList section */
		94449A8528D9F75C001C8BBB /* Build configuration list for PBXProject "MoreGreen" */ = {
			isa = XCConfigurationList;
			buildConfigurations = (
				94449A9F28D9F75D001C8BBB /* Debug */,
				94449AA028D9F75D001C8BBB /* Release */,
			);
			defaultConfigurationIsVisible = 0;
			defaultConfigurationName = Release;
		};
		94449AA128D9F75D001C8BBB /* Build configuration list for PBXNativeTarget "MoreGreen" */ = {
			isa = XCConfigurationList;
			buildConfigurations = (
				94449AA228D9F75D001C8BBB /* Debug */,
				94449AA328D9F75D001C8BBB /* Release */,
			);
			defaultConfigurationIsVisible = 0;
			defaultConfigurationName = Release;
		};
/* End XCConfigurationList section */

/* Begin XCVersionGroup section */
		94449A9628D9F75C001C8BBB /* MoreGreen.xcdatamodeld */ = {
			isa = XCVersionGroup;
			children = (
				94449A9728D9F75C001C8BBB /* MoreGreen.xcdatamodel */,
			);
			currentVersion = 94449A9728D9F75C001C8BBB /* MoreGreen.xcdatamodel */;
			path = MoreGreen.xcdatamodeld;
			sourceTree = "<group>";
			versionGroupType = wrapper.xcdatamodel;
		};
/* End XCVersionGroup section */
	};
	rootObject = 94449A8228D9F75C001C8BBB /* Project object */;
}
