// !$*UTF8*$!
{
	archiveVersion = 1;
	classes = {
	};
	objectVersion = 55;
	objects = {

/* Begin PBXBuildFile section */
		94EB2B842896B20400E96DBA /* AppDelegate.swift in Sources */ = {isa = PBXBuildFile; fileRef = 94EB2B832896B20400E96DBA /* AppDelegate.swift */; };
		94EB2B862896B20400E96DBA /* SceneDelegate.swift in Sources */ = {isa = PBXBuildFile; fileRef = 94EB2B852896B20400E96DBA /* SceneDelegate.swift */; };
		94EB2B882896B20400E96DBA /* ViewController.swift in Sources */ = {isa = PBXBuildFile; fileRef = 94EB2B872896B20400E96DBA /* ViewController.swift */; };
		94EB2B8B2896B20400E96DBA /* Main.storyboard in Resources */ = {isa = PBXBuildFile; fileRef = 94EB2B892896B20400E96DBA /* Main.storyboard */; };
		94EB2B8E2896B20400E96DBA /* ShareToDo.xcdatamodeld in Sources */ = {isa = PBXBuildFile; fileRef = 94EB2B8C2896B20400E96DBA /* ShareToDo.xcdatamodeld */; };
		94EB2B902896B20500E96DBA /* Assets.xcassets in Resources */ = {isa = PBXBuildFile; fileRef = 94EB2B8F2896B20500E96DBA /* Assets.xcassets */; };
		94EB2B932896B20500E96DBA /* LaunchScreen.storyboard in Resources */ = {isa = PBXBuildFile; fileRef = 94EB2B912896B20500E96DBA /* LaunchScreen.storyboard */; };
		94EB2B9E2896B20500E96DBA /* ShareToDoTests.swift in Sources */ = {isa = PBXBuildFile; fileRef = 94EB2B9D2896B20500E96DBA /* ShareToDoTests.swift */; };
		94EB2BA82896B20500E96DBA /* ShareToDoUITests.swift in Sources */ = {isa = PBXBuildFile; fileRef = 94EB2BA72896B20500E96DBA /* ShareToDoUITests.swift */; };
		94EB2BAA2896B20500E96DBA /* ShareToDoUITestsLaunchTests.swift in Sources */ = {isa = PBXBuildFile; fileRef = 94EB2BA92896B20500E96DBA /* ShareToDoUITestsLaunchTests.swift */; };
/* End PBXBuildFile section */

/* Begin PBXContainerItemProxy section */
		94EB2B9A2896B20500E96DBA /* PBXContainerItemProxy */ = {
			isa = PBXContainerItemProxy;
			containerPortal = 94EB2B782896B20400E96DBA /* Project object */;
			proxyType = 1;
			remoteGlobalIDString = 94EB2B7F2896B20400E96DBA;
			remoteInfo = ShareToDo;
		};
		94EB2BA42896B20500E96DBA /* PBXContainerItemProxy */ = {
			isa = PBXContainerItemProxy;
			containerPortal = 94EB2B782896B20400E96DBA /* Project object */;
			proxyType = 1;
			remoteGlobalIDString = 94EB2B7F2896B20400E96DBA;
			remoteInfo = ShareToDo;
		};
/* End PBXContainerItemProxy section */

/* Begin PBXFileReference section */
		94EB2B802896B20400E96DBA /* ShareToDo.app */ = {isa = PBXFileReference; explicitFileType = wrapper.application; includeInIndex = 0; path = ShareToDo.app; sourceTree = BUILT_PRODUCTS_DIR; };
		94EB2B832896B20400E96DBA /* AppDelegate.swift */ = {isa = PBXFileReference; lastKnownFileType = sourcecode.swift; path = AppDelegate.swift; sourceTree = "<group>"; };
		94EB2B852896B20400E96DBA /* SceneDelegate.swift */ = {isa = PBXFileReference; lastKnownFileType = sourcecode.swift; path = SceneDelegate.swift; sourceTree = "<group>"; };
		94EB2B872896B20400E96DBA /* ViewController.swift */ = {isa = PBXFileReference; lastKnownFileType = sourcecode.swift; path = ViewController.swift; sourceTree = "<group>"; };
		94EB2B8A2896B20400E96DBA /* Base */ = {isa = PBXFileReference; lastKnownFileType = file.storyboard; name = Base; path = Base.lproj/Main.storyboard; sourceTree = "<group>"; };
		94EB2B8D2896B20400E96DBA /* ShareToDo.xcdatamodel */ = {isa = PBXFileReference; lastKnownFileType = wrapper.xcdatamodel; path = ShareToDo.xcdatamodel; sourceTree = "<group>"; };
		94EB2B8F2896B20500E96DBA /* Assets.xcassets */ = {isa = PBXFileReference; lastKnownFileType = folder.assetcatalog; path = Assets.xcassets; sourceTree = "<group>"; };
		94EB2B922896B20500E96DBA /* Base */ = {isa = PBXFileReference; lastKnownFileType = file.storyboard; name = Base; path = Base.lproj/LaunchScreen.storyboard; sourceTree = "<group>"; };
		94EB2B942896B20500E96DBA /* Info.plist */ = {isa = PBXFileReference; lastKnownFileType = text.plist.xml; path = Info.plist; sourceTree = "<group>"; };
		94EB2B992896B20500E96DBA /* ShareToDoTests.xctest */ = {isa = PBXFileReference; explicitFileType = wrapper.cfbundle; includeInIndex = 0; path = ShareToDoTests.xctest; sourceTree = BUILT_PRODUCTS_DIR; };
		94EB2B9D2896B20500E96DBA /* ShareToDoTests.swift */ = {isa = PBXFileReference; lastKnownFileType = sourcecode.swift; path = ShareToDoTests.swift; sourceTree = "<group>"; };
		94EB2BA32896B20500E96DBA /* ShareToDoUITests.xctest */ = {isa = PBXFileReference; explicitFileType = wrapper.cfbundle; includeInIndex = 0; path = ShareToDoUITests.xctest; sourceTree = BUILT_PRODUCTS_DIR; };
		94EB2BA72896B20500E96DBA /* ShareToDoUITests.swift */ = {isa = PBXFileReference; lastKnownFileType = sourcecode.swift; path = ShareToDoUITests.swift; sourceTree = "<group>"; };
		94EB2BA92896B20500E96DBA /* ShareToDoUITestsLaunchTests.swift */ = {isa = PBXFileReference; lastKnownFileType = sourcecode.swift; path = ShareToDoUITestsLaunchTests.swift; sourceTree = "<group>"; };
/* End PBXFileReference section */

/* Begin PBXFrameworksBuildPhase section */
		94EB2B7D2896B20400E96DBA /* Frameworks */ = {
			isa = PBXFrameworksBuildPhase;
			buildActionMask = 2147483647;
			files = (
			);
			runOnlyForDeploymentPostprocessing = 0;
		};
		94EB2B962896B20500E96DBA /* Frameworks */ = {
			isa = PBXFrameworksBuildPhase;
			buildActionMask = 2147483647;
			files = (
			);
			runOnlyForDeploymentPostprocessing = 0;
		};
		94EB2BA02896B20500E96DBA /* Frameworks */ = {
			isa = PBXFrameworksBuildPhase;
			buildActionMask = 2147483647;
			files = (
			);
			runOnlyForDeploymentPostprocessing = 0;
		};
/* End PBXFrameworksBuildPhase section */

/* Begin PBXGroup section */
		94EB2B772896B20400E96DBA = {
			isa = PBXGroup;
			children = (
				94EB2B822896B20400E96DBA /* ShareToDo */,
				94EB2B9C2896B20500E96DBA /* ShareToDoTests */,
				94EB2BA62896B20500E96DBA /* ShareToDoUITests */,
				94EB2B812896B20400E96DBA /* Products */,
			);
			sourceTree = "<group>";
		};
		94EB2B812896B20400E96DBA /* Products */ = {
			isa = PBXGroup;
			children = (
				94EB2B802896B20400E96DBA /* ShareToDo.app */,
				94EB2B992896B20500E96DBA /* ShareToDoTests.xctest */,
				94EB2BA32896B20500E96DBA /* ShareToDoUITests.xctest */,
			);
			name = Products;
			sourceTree = "<group>";
		};
		94EB2B822896B20400E96DBA /* ShareToDo */ = {
			isa = PBXGroup;
			children = (
				94EB2B832896B20400E96DBA /* AppDelegate.swift */,
				94EB2B852896B20400E96DBA /* SceneDelegate.swift */,
				94EB2B872896B20400E96DBA /* ViewController.swift */,
				94EB2B892896B20400E96DBA /* Main.storyboard */,
				94EB2B8F2896B20500E96DBA /* Assets.xcassets */,
				94EB2B912896B20500E96DBA /* LaunchScreen.storyboard */,
				94EB2B942896B20500E96DBA /* Info.plist */,
				94EB2B8C2896B20400E96DBA /* ShareToDo.xcdatamodeld */,
			);
			path = ShareToDo;
			sourceTree = "<group>";
		};
		94EB2B9C2896B20500E96DBA /* ShareToDoTests */ = {
			isa = PBXGroup;
			children = (
				94EB2B9D2896B20500E96DBA /* ShareToDoTests.swift */,
			);
			path = ShareToDoTests;
			sourceTree = "<group>";
		};
		94EB2BA62896B20500E96DBA /* ShareToDoUITests */ = {
			isa = PBXGroup;
			children = (
				94EB2BA72896B20500E96DBA /* ShareToDoUITests.swift */,
				94EB2BA92896B20500E96DBA /* ShareToDoUITestsLaunchTests.swift */,
			);
			path = ShareToDoUITests;
			sourceTree = "<group>";
		};
/* End PBXGroup section */

/* Begin PBXNativeTarget section */
		94EB2B7F2896B20400E96DBA /* ShareToDo */ = {
			isa = PBXNativeTarget;
			buildConfigurationList = 94EB2BAD2896B20500E96DBA /* Build configuration list for PBXNativeTarget "ShareToDo" */;
			buildPhases = (
				94EB2B7C2896B20400E96DBA /* Sources */,
				94EB2B7D2896B20400E96DBA /* Frameworks */,
				94EB2B7E2896B20400E96DBA /* Resources */,
			);
			buildRules = (
			);
			dependencies = (
			);
			name = ShareToDo;
			productName = ShareToDo;
			productReference = 94EB2B802896B20400E96DBA /* ShareToDo.app */;
			productType = "com.apple.product-type.application";
		};
		94EB2B982896B20500E96DBA /* ShareToDoTests */ = {
			isa = PBXNativeTarget;
			buildConfigurationList = 94EB2BB02896B20500E96DBA /* Build configuration list for PBXNativeTarget "ShareToDoTests" */;
			buildPhases = (
				94EB2B952896B20500E96DBA /* Sources */,
				94EB2B962896B20500E96DBA /* Frameworks */,
				94EB2B972896B20500E96DBA /* Resources */,
			);
			buildRules = (
			);
			dependencies = (
				94EB2B9B2896B20500E96DBA /* PBXTargetDependency */,
			);
			name = ShareToDoTests;
			productName = ShareToDoTests;
			productReference = 94EB2B992896B20500E96DBA /* ShareToDoTests.xctest */;
			productType = "com.apple.product-type.bundle.unit-test";
		};
		94EB2BA22896B20500E96DBA /* ShareToDoUITests */ = {
			isa = PBXNativeTarget;
			buildConfigurationList = 94EB2BB32896B20500E96DBA /* Build configuration list for PBXNativeTarget "ShareToDoUITests" */;
			buildPhases = (
				94EB2B9F2896B20500E96DBA /* Sources */,
				94EB2BA02896B20500E96DBA /* Frameworks */,
				94EB2BA12896B20500E96DBA /* Resources */,
			);
			buildRules = (
			);
			dependencies = (
				94EB2BA52896B20500E96DBA /* PBXTargetDependency */,
			);
			name = ShareToDoUITests;
			productName = ShareToDoUITests;
			productReference = 94EB2BA32896B20500E96DBA /* ShareToDoUITests.xctest */;
			productType = "com.apple.product-type.bundle.ui-testing";
		};
/* End PBXNativeTarget section */

/* Begin PBXProject section */
		94EB2B782896B20400E96DBA /* Project object */ = {
			isa = PBXProject;
			attributes = {
				BuildIndependentTargetsInParallel = 1;
				LastSwiftUpdateCheck = 1340;
				LastUpgradeCheck = 1340;
				TargetAttributes = {
					94EB2B7F2896B20400E96DBA = {
						CreatedOnToolsVersion = 13.4.1;
					};
					94EB2B982896B20500E96DBA = {
						CreatedOnToolsVersion = 13.4.1;
						TestTargetID = 94EB2B7F2896B20400E96DBA;
					};
					94EB2BA22896B20500E96DBA = {
						CreatedOnToolsVersion = 13.4.1;
						TestTargetID = 94EB2B7F2896B20400E96DBA;
					};
				};
			};
			buildConfigurationList = 94EB2B7B2896B20400E96DBA /* Build configuration list for PBXProject "ShareToDo" */;
			compatibilityVersion = "Xcode 13.0";
			developmentRegion = en;
			hasScannedForEncodings = 0;
			knownRegions = (
				en,
				Base,
			);
			mainGroup = 94EB2B772896B20400E96DBA;
			productRefGroup = 94EB2B812896B20400E96DBA /* Products */;
			projectDirPath = "";
			projectRoot = "";
			targets = (
				94EB2B7F2896B20400E96DBA /* ShareToDo */,
				94EB2B982896B20500E96DBA /* ShareToDoTests */,
				94EB2BA22896B20500E96DBA /* ShareToDoUITests */,
			);
		};
/* End PBXProject section */

/* Begin PBXResourcesBuildPhase section */
		94EB2B7E2896B20400E96DBA /* Resources */ = {
			isa = PBXResourcesBuildPhase;
			buildActionMask = 2147483647;
			files = (
				94EB2B932896B20500E96DBA /* LaunchScreen.storyboard in Resources */,
				94EB2B902896B20500E96DBA /* Assets.xcassets in Resources */,
				94EB2B8B2896B20400E96DBA /* Main.storyboard in Resources */,
			);
			runOnlyForDeploymentPostprocessing = 0;
		};
		94EB2B972896B20500E96DBA /* Resources */ = {
			isa = PBXResourcesBuildPhase;
			buildActionMask = 2147483647;
			files = (
			);
			runOnlyForDeploymentPostprocessing = 0;
		};
		94EB2BA12896B20500E96DBA /* Resources */ = {
			isa = PBXResourcesBuildPhase;
			buildActionMask = 2147483647;
			files = (
			);
			runOnlyForDeploymentPostprocessing = 0;
		};
/* End PBXResourcesBuildPhase section */

/* Begin PBXSourcesBuildPhase section */
		94EB2B7C2896B20400E96DBA /* Sources */ = {
			isa = PBXSourcesBuildPhase;
			buildActionMask = 2147483647;
			files = (
				94EB2B882896B20400E96DBA /* ViewController.swift in Sources */,
				94EB2B842896B20400E96DBA /* AppDelegate.swift in Sources */,
				94EB2B862896B20400E96DBA /* SceneDelegate.swift in Sources */,
				94EB2B8E2896B20400E96DBA /* ShareToDo.xcdatamodeld in Sources */,
			);
			runOnlyForDeploymentPostprocessing = 0;
		};
		94EB2B952896B20500E96DBA /* Sources */ = {
			isa = PBXSourcesBuildPhase;
			buildActionMask = 2147483647;
			files = (
				94EB2B9E2896B20500E96DBA /* ShareToDoTests.swift in Sources */,
			);
			runOnlyForDeploymentPostprocessing = 0;
		};
		94EB2B9F2896B20500E96DBA /* Sources */ = {
			isa = PBXSourcesBuildPhase;
			buildActionMask = 2147483647;
			files = (
				94EB2BAA2896B20500E96DBA /* ShareToDoUITestsLaunchTests.swift in Sources */,
				94EB2BA82896B20500E96DBA /* ShareToDoUITests.swift in Sources */,
			);
			runOnlyForDeploymentPostprocessing = 0;
		};
/* End PBXSourcesBuildPhase section */

/* Begin PBXTargetDependency section */
		94EB2B9B2896B20500E96DBA /* PBXTargetDependency */ = {
			isa = PBXTargetDependency;
			target = 94EB2B7F2896B20400E96DBA /* ShareToDo */;
			targetProxy = 94EB2B9A2896B20500E96DBA /* PBXContainerItemProxy */;
		};
		94EB2BA52896B20500E96DBA /* PBXTargetDependency */ = {
			isa = PBXTargetDependency;
			target = 94EB2B7F2896B20400E96DBA /* ShareToDo */;
			targetProxy = 94EB2BA42896B20500E96DBA /* PBXContainerItemProxy */;
		};
/* End PBXTargetDependency section */

/* Begin PBXVariantGroup section */
		94EB2B892896B20400E96DBA /* Main.storyboard */ = {
			isa = PBXVariantGroup;
			children = (
				94EB2B8A2896B20400E96DBA /* Base */,
			);
			name = Main.storyboard;
			sourceTree = "<group>";
		};
		94EB2B912896B20500E96DBA /* LaunchScreen.storyboard */ = {
			isa = PBXVariantGroup;
			children = (
				94EB2B922896B20500E96DBA /* Base */,
			);
			name = LaunchScreen.storyboard;
			sourceTree = "<group>";
		};
/* End PBXVariantGroup section */

/* Begin XCBuildConfiguration section */
		94EB2BAB2896B20500E96DBA /* Debug */ = {
			isa = XCBuildConfiguration;
			buildSettings = {
				ALWAYS_SEARCH_USER_PATHS = NO;
				CLANG_ANALYZER_NONNULL = YES;
				CLANG_ANALYZER_NUMBER_OBJECT_CONVERSION = YES_AGGRESSIVE;
				CLANG_CXX_LANGUAGE_STANDARD = "gnu++17";
				CLANG_ENABLE_MODULES = YES;
				CLANG_ENABLE_OBJC_ARC = YES;
				CLANG_ENABLE_OBJC_WEAK = YES;
				CLANG_WARN_BLOCK_CAPTURE_AUTORELEASING = YES;
				CLANG_WARN_BOOL_CONVERSION = YES;
				CLANG_WARN_COMMA = YES;
				CLANG_WARN_CONSTANT_CONVERSION = YES;
				CLANG_WARN_DEPRECATED_OBJC_IMPLEMENTATIONS = YES;
				CLANG_WARN_DIRECT_OBJC_ISA_USAGE = YES_ERROR;
				CLANG_WARN_DOCUMENTATION_COMMENTS = YES;
				CLANG_WARN_EMPTY_BODY = YES;
				CLANG_WARN_ENUM_CONVERSION = YES;
				CLANG_WARN_INFINITE_RECURSION = YES;
				CLANG_WARN_INT_CONVERSION = YES;
				CLANG_WARN_NON_LITERAL_NULL_CONVERSION = YES;
				CLANG_WARN_OBJC_IMPLICIT_RETAIN_SELF = YES;
				CLANG_WARN_OBJC_LITERAL_CONVERSION = YES;
				CLANG_WARN_OBJC_ROOT_CLASS = YES_ERROR;
				CLANG_WARN_QUOTED_INCLUDE_IN_FRAMEWORK_HEADER = YES;
				CLANG_WARN_RANGE_LOOP_ANALYSIS = YES;
				CLANG_WARN_STRICT_PROTOTYPES = YES;
				CLANG_WARN_SUSPICIOUS_MOVE = YES;
				CLANG_WARN_UNGUARDED_AVAILABILITY = YES_AGGRESSIVE;
				CLANG_WARN_UNREACHABLE_CODE = YES;
				CLANG_WARN__DUPLICATE_METHOD_MATCH = YES;
				COPY_PHASE_STRIP = NO;
				DEBUG_INFORMATION_FORMAT = dwarf;
				ENABLE_STRICT_OBJC_MSGSEND = YES;
				ENABLE_TESTABILITY = YES;
				GCC_C_LANGUAGE_STANDARD = gnu11;
				GCC_DYNAMIC_NO_PIC = NO;
				GCC_NO_COMMON_BLOCKS = YES;
				GCC_OPTIMIZATION_LEVEL = 0;
				GCC_PREPROCESSOR_DEFINITIONS = (
					"DEBUG=1",
					"$(inherited)",
				);
				GCC_WARN_64_TO_32_BIT_CONVERSION = YES;
				GCC_WARN_ABOUT_RETURN_TYPE = YES_ERROR;
				GCC_WARN_UNDECLARED_SELECTOR = YES;
				GCC_WARN_UNINITIALIZED_AUTOS = YES_AGGRESSIVE;
				GCC_WARN_UNUSED_FUNCTION = YES;
				GCC_WARN_UNUSED_VARIABLE = YES;
				IPHONEOS_DEPLOYMENT_TARGET = 15.5;
				MTL_ENABLE_DEBUG_INFO = INCLUDE_SOURCE;
				MTL_FAST_MATH = YES;
				ONLY_ACTIVE_ARCH = YES;
				SDKROOT = iphoneos;
				SWIFT_ACTIVE_COMPILATION_CONDITIONS = DEBUG;
				SWIFT_OPTIMIZATION_LEVEL = "-Onone";
			};
			name = Debug;
		};
		94EB2BAC2896B20500E96DBA /* Release */ = {
			isa = XCBuildConfiguration;
			buildSettings = {
				ALWAYS_SEARCH_USER_PATHS = NO;
				CLANG_ANALYZER_NONNULL = YES;
				CLANG_ANALYZER_NUMBER_OBJECT_CONVERSION = YES_AGGRESSIVE;
				CLANG_CXX_LANGUAGE_STANDARD = "gnu++17";
				CLANG_ENABLE_MODULES = YES;
				CLANG_ENABLE_OBJC_ARC = YES;
				CLANG_ENABLE_OBJC_WEAK = YES;
				CLANG_WARN_BLOCK_CAPTURE_AUTORELEASING = YES;
				CLANG_WARN_BOOL_CONVERSION = YES;
				CLANG_WARN_COMMA = YES;
				CLANG_WARN_CONSTANT_CONVERSION = YES;
				CLANG_WARN_DEPRECATED_OBJC_IMPLEMENTATIONS = YES;
				CLANG_WARN_DIRECT_OBJC_ISA_USAGE = YES_ERROR;
				CLANG_WARN_DOCUMENTATION_COMMENTS = YES;
				CLANG_WARN_EMPTY_BODY = YES;
				CLANG_WARN_ENUM_CONVERSION = YES;
				CLANG_WARN_INFINITE_RECURSION = YES;
				CLANG_WARN_INT_CONVERSION = YES;
				CLANG_WARN_NON_LITERAL_NULL_CONVERSION = YES;
				CLANG_WARN_OBJC_IMPLICIT_RETAIN_SELF = YES;
				CLANG_WARN_OBJC_LITERAL_CONVERSION = YES;
				CLANG_WARN_OBJC_ROOT_CLASS = YES_ERROR;
				CLANG_WARN_QUOTED_INCLUDE_IN_FRAMEWORK_HEADER = YES;
				CLANG_WARN_RANGE_LOOP_ANALYSIS = YES;
				CLANG_WARN_STRICT_PROTOTYPES = YES;
				CLANG_WARN_SUSPICIOUS_MOVE = YES;
				CLANG_WARN_UNGUARDED_AVAILABILITY = YES_AGGRESSIVE;
				CLANG_WARN_UNREACHABLE_CODE = YES;
				CLANG_WARN__DUPLICATE_METHOD_MATCH = YES;
				COPY_PHASE_STRIP = NO;
				DEBUG_INFORMATION_FORMAT = "dwarf-with-dsym";
				ENABLE_NS_ASSERTIONS = NO;
				ENABLE_STRICT_OBJC_MSGSEND = YES;
				GCC_C_LANGUAGE_STANDARD = gnu11;
				GCC_NO_COMMON_BLOCKS = YES;
				GCC_WARN_64_TO_32_BIT_CONVERSION = YES;
				GCC_WARN_ABOUT_RETURN_TYPE = YES_ERROR;
				GCC_WARN_UNDECLARED_SELECTOR = YES;
				GCC_WARN_UNINITIALIZED_AUTOS = YES_AGGRESSIVE;
				GCC_WARN_UNUSED_FUNCTION = YES;
				GCC_WARN_UNUSED_VARIABLE = YES;
				IPHONEOS_DEPLOYMENT_TARGET = 15.5;
				MTL_ENABLE_DEBUG_INFO = NO;
				MTL_FAST_MATH = YES;
				SDKROOT = iphoneos;
				SWIFT_COMPILATION_MODE = wholemodule;
				SWIFT_OPTIMIZATION_LEVEL = "-O";
				VALIDATE_PRODUCT = YES;
			};
			name = Release;
		};
		94EB2BAE2896B20500E96DBA /* Debug */ = {
			isa = XCBuildConfiguration;
			buildSettings = {
				ASSETCATALOG_COMPILER_APPICON_NAME = AppIcon;
				ASSETCATALOG_COMPILER_GLOBAL_ACCENT_COLOR_NAME = AccentColor;
				CODE_SIGN_STYLE = Automatic;
				CURRENT_PROJECT_VERSION = 1;
				DEVELOPMENT_TEAM = UNTPRP3C66;
				GENERATE_INFOPLIST_FILE = YES;
				INFOPLIST_FILE = ShareToDo/Info.plist;
				INFOPLIST_KEY_UIApplicationSupportsIndirectInputEvents = YES;
				INFOPLIST_KEY_UILaunchStoryboardName = LaunchScreen;
				INFOPLIST_KEY_UIMainStoryboardFile = Main;
				INFOPLIST_KEY_UISupportedInterfaceOrientations_iPad = "UIInterfaceOrientationPortrait UIInterfaceOrientationPortraitUpsideDown UIInterfaceOrientationLandscapeLeft UIInterfaceOrientationLandscapeRight";
				INFOPLIST_KEY_UISupportedInterfaceOrientations_iPhone = "UIInterfaceOrientationPortrait UIInterfaceOrientationLandscapeLeft UIInterfaceOrientationLandscapeRight";
				LD_RUNPATH_SEARCH_PATHS = (
					"$(inherited)",
					"@executable_path/Frameworks",
				);
				MARKETING_VERSION = 1.0;
				PRODUCT_BUNDLE_IDENTIFIER = kr.jp.kyulee.ShareToDo;
				PRODUCT_NAME = "$(TARGET_NAME)";
				SWIFT_EMIT_LOC_STRINGS = YES;
				SWIFT_VERSION = 5.0;
				TARGETED_DEVICE_FAMILY = 1;
			};
			name = Debug;
		};
		94EB2BAF2896B20500E96DBA /* Release */ = {
			isa = XCBuildConfiguration;
			buildSettings = {
				ASSETCATALOG_COMPILER_APPICON_NAME = AppIcon;
				ASSETCATALOG_COMPILER_GLOBAL_ACCENT_COLOR_NAME = AccentColor;
				CODE_SIGN_STYLE = Automatic;
				CURRENT_PROJECT_VERSION = 1;
				DEVELOPMENT_TEAM = UNTPRP3C66;
				GENERATE_INFOPLIST_FILE = YES;
				INFOPLIST_FILE = ShareToDo/Info.plist;
				INFOPLIST_KEY_UIApplicationSupportsIndirectInputEvents = YES;
				INFOPLIST_KEY_UILaunchStoryboardName = LaunchScreen;
				INFOPLIST_KEY_UIMainStoryboardFile = Main;
				INFOPLIST_KEY_UISupportedInterfaceOrientations_iPad = "UIInterfaceOrientationPortrait UIInterfaceOrientationPortraitUpsideDown UIInterfaceOrientationLandscapeLeft UIInterfaceOrientationLandscapeRight";
				INFOPLIST_KEY_UISupportedInterfaceOrientations_iPhone = "UIInterfaceOrientationPortrait UIInterfaceOrientationLandscapeLeft UIInterfaceOrientationLandscapeRight";
				LD_RUNPATH_SEARCH_PATHS = (
					"$(inherited)",
					"@executable_path/Frameworks",
				);
				MARKETING_VERSION = 1.0;
				PRODUCT_BUNDLE_IDENTIFIER = kr.jp.kyulee.ShareToDo;
				PRODUCT_NAME = "$(TARGET_NAME)";
				SWIFT_EMIT_LOC_STRINGS = YES;
				SWIFT_VERSION = 5.0;
				TARGETED_DEVICE_FAMILY = 1;
			};
			name = Release;
		};
		94EB2BB12896B20500E96DBA /* Debug */ = {
			isa = XCBuildConfiguration;
			buildSettings = {
				ALWAYS_EMBED_SWIFT_STANDARD_LIBRARIES = YES;
				BUNDLE_LOADER = "$(TEST_HOST)";
				CODE_SIGN_STYLE = Automatic;
				CURRENT_PROJECT_VERSION = 1;
				DEVELOPMENT_TEAM = UNTPRP3C66;
				GENERATE_INFOPLIST_FILE = YES;
				IPHONEOS_DEPLOYMENT_TARGET = 15.5;
				MARKETING_VERSION = 1.0;
				PRODUCT_BUNDLE_IDENTIFIER = kr.jp.kyulee.ShareToDoTests;
				PRODUCT_NAME = "$(TARGET_NAME)";
				SWIFT_EMIT_LOC_STRINGS = NO;
				SWIFT_VERSION = 5.0;
				TARGETED_DEVICE_FAMILY = "1,2";
				TEST_HOST = "$(BUILT_PRODUCTS_DIR)/ShareToDo.app/ShareToDo";
			};
			name = Debug;
		};
		94EB2BB22896B20500E96DBA /* Release */ = {
			isa = XCBuildConfiguration;
			buildSettings = {
				ALWAYS_EMBED_SWIFT_STANDARD_LIBRARIES = YES;
				BUNDLE_LOADER = "$(TEST_HOST)";
				CODE_SIGN_STYLE = Automatic;
				CURRENT_PROJECT_VERSION = 1;
				DEVELOPMENT_TEAM = UNTPRP3C66;
				GENERATE_INFOPLIST_FILE = YES;
				IPHONEOS_DEPLOYMENT_TARGET = 15.5;
				MARKETING_VERSION = 1.0;
				PRODUCT_BUNDLE_IDENTIFIER = kr.jp.kyulee.ShareToDoTests;
				PRODUCT_NAME = "$(TARGET_NAME)";
				SWIFT_EMIT_LOC_STRINGS = NO;
				SWIFT_VERSION = 5.0;
				TARGETED_DEVICE_FAMILY = "1,2";
				TEST_HOST = "$(BUILT_PRODUCTS_DIR)/ShareToDo.app/ShareToDo";
			};
			name = Release;
		};
		94EB2BB42896B20500E96DBA /* Debug */ = {
			isa = XCBuildConfiguration;
			buildSettings = {
				ALWAYS_EMBED_SWIFT_STANDARD_LIBRARIES = YES;
				CODE_SIGN_STYLE = Automatic;
				CURRENT_PROJECT_VERSION = 1;
				DEVELOPMENT_TEAM = UNTPRP3C66;
				GENERATE_INFOPLIST_FILE = YES;
				MARKETING_VERSION = 1.0;
				PRODUCT_BUNDLE_IDENTIFIER = kr.jp.kyulee.ShareToDoUITests;
				PRODUCT_NAME = "$(TARGET_NAME)";
				SWIFT_EMIT_LOC_STRINGS = NO;
				SWIFT_VERSION = 5.0;
				TARGETED_DEVICE_FAMILY = "1,2";
				TEST_TARGET_NAME = ShareToDo;
			};
			name = Debug;
		};
		94EB2BB52896B20500E96DBA /* Release */ = {
			isa = XCBuildConfiguration;
			buildSettings = {
				ALWAYS_EMBED_SWIFT_STANDARD_LIBRARIES = YES;
				CODE_SIGN_STYLE = Automatic;
				CURRENT_PROJECT_VERSION = 1;
				DEVELOPMENT_TEAM = UNTPRP3C66;
				GENERATE_INFOPLIST_FILE = YES;
				MARKETING_VERSION = 1.0;
				PRODUCT_BUNDLE_IDENTIFIER = kr.jp.kyulee.ShareToDoUITests;
				PRODUCT_NAME = "$(TARGET_NAME)";
				SWIFT_EMIT_LOC_STRINGS = NO;
				SWIFT_VERSION = 5.0;
				TARGETED_DEVICE_FAMILY = "1,2";
				TEST_TARGET_NAME = ShareToDo;
			};
			name = Release;
		};
/* End XCBuildConfiguration section */

/* Begin XCConfigurationList section */
		94EB2B7B2896B20400E96DBA /* Build configuration list for PBXProject "ShareToDo" */ = {
			isa = XCConfigurationList;
			buildConfigurations = (
				94EB2BAB2896B20500E96DBA /* Debug */,
				94EB2BAC2896B20500E96DBA /* Release */,
			);
			defaultConfigurationIsVisible = 0;
			defaultConfigurationName = Release;
		};
		94EB2BAD2896B20500E96DBA /* Build configuration list for PBXNativeTarget "ShareToDo" */ = {
			isa = XCConfigurationList;
			buildConfigurations = (
				94EB2BAE2896B20500E96DBA /* Debug */,
				94EB2BAF2896B20500E96DBA /* Release */,
			);
			defaultConfigurationIsVisible = 0;
			defaultConfigurationName = Release;
		};
		94EB2BB02896B20500E96DBA /* Build configuration list for PBXNativeTarget "ShareToDoTests" */ = {
			isa = XCConfigurationList;
			buildConfigurations = (
				94EB2BB12896B20500E96DBA /* Debug */,
				94EB2BB22896B20500E96DBA /* Release */,
			);
			defaultConfigurationIsVisible = 0;
			defaultConfigurationName = Release;
		};
		94EB2BB32896B20500E96DBA /* Build configuration list for PBXNativeTarget "ShareToDoUITests" */ = {
			isa = XCConfigurationList;
			buildConfigurations = (
				94EB2BB42896B20500E96DBA /* Debug */,
				94EB2BB52896B20500E96DBA /* Release */,
			);
			defaultConfigurationIsVisible = 0;
			defaultConfigurationName = Release;
		};
/* End XCConfigurationList section */

/* Begin XCVersionGroup section */
		94EB2B8C2896B20400E96DBA /* ShareToDo.xcdatamodeld */ = {
			isa = XCVersionGroup;
			children = (
				94EB2B8D2896B20400E96DBA /* ShareToDo.xcdatamodel */,
			);
			currentVersion = 94EB2B8D2896B20400E96DBA /* ShareToDo.xcdatamodel */;
			path = ShareToDo.xcdatamodeld;
			sourceTree = "<group>";
			versionGroupType = wrapper.xcdatamodel;
		};
/* End XCVersionGroup section */
	};
	rootObject = 94EB2B782896B20400E96DBA /* Project object */;
}
