// !$*UTF8*$!
{
	archiveVersion = 1;
	classes = {
	};
	objectVersion = 56;
	objects = {

/* Begin PBXBuildFile section */
		9451339F2945FE0A00F1AAAF /* AppleMapVC.swift in Sources */ = {isa = PBXBuildFile; fileRef = 9451339E2945FE0A00F1AAAF /* AppleMapVC.swift */; };
		945133A12945FE1E00F1AAAF /* AppleMapView.storyboard in Resources */ = {isa = PBXBuildFile; fileRef = 945133A02945FE1E00F1AAAF /* AppleMapView.storyboard */; };
		945133A42945FED000F1AAAF /* MarkersModel.swift in Sources */ = {isa = PBXBuildFile; fileRef = 945133A32945FED000F1AAAF /* MarkersModel.swift */; };
		948B30B5293F6D26002202D3 /* AppDelegate.swift in Sources */ = {isa = PBXBuildFile; fileRef = 948B30B4293F6D26002202D3 /* AppDelegate.swift */; };
		948B30B7293F6D26002202D3 /* SceneDelegate.swift in Sources */ = {isa = PBXBuildFile; fileRef = 948B30B6293F6D26002202D3 /* SceneDelegate.swift */; };
		948B30B9293F6D26002202D3 /* ViewController.swift in Sources */ = {isa = PBXBuildFile; fileRef = 948B30B8293F6D26002202D3 /* ViewController.swift */; };
		948B30BC293F6D26002202D3 /* Main.storyboard in Resources */ = {isa = PBXBuildFile; fileRef = 948B30BA293F6D26002202D3 /* Main.storyboard */; };
		948B30BE293F6D27002202D3 /* Assets.xcassets in Resources */ = {isa = PBXBuildFile; fileRef = 948B30BD293F6D27002202D3 /* Assets.xcassets */; };
		948B30C1293F6D27002202D3 /* LaunchScreen.storyboard in Resources */ = {isa = PBXBuildFile; fileRef = 948B30BF293F6D27002202D3 /* LaunchScreen.storyboard */; };
		948B30CC293F6D27002202D3 /* PresentationPracAppTests.swift in Sources */ = {isa = PBXBuildFile; fileRef = 948B30CB293F6D27002202D3 /* PresentationPracAppTests.swift */; };
		948B30D6293F6D27002202D3 /* PresentationPracAppUITests.swift in Sources */ = {isa = PBXBuildFile; fileRef = 948B30D5293F6D27002202D3 /* PresentationPracAppUITests.swift */; };
		948B30D8293F6D27002202D3 /* PresentationPracAppUITestsLaunchTests.swift in Sources */ = {isa = PBXBuildFile; fileRef = 948B30D7293F6D27002202D3 /* PresentationPracAppUITestsLaunchTests.swift */; };
		948B30E6293F76BC002202D3 /* presentationSlide.xib in Resources */ = {isa = PBXBuildFile; fileRef = 948B30E5293F76BC002202D3 /* presentationSlide.xib */; };
		948B30E9293F7952002202D3 /* PresentationSlideView.swift in Sources */ = {isa = PBXBuildFile; fileRef = 948B30E8293F7952002202D3 /* PresentationSlideView.swift */; };
/* End PBXBuildFile section */

/* Begin PBXContainerItemProxy section */
		948B30C8293F6D27002202D3 /* PBXContainerItemProxy */ = {
			isa = PBXContainerItemProxy;
			containerPortal = 948B30A9293F6D26002202D3 /* Project object */;
			proxyType = 1;
			remoteGlobalIDString = 948B30B0293F6D26002202D3;
			remoteInfo = PresentationPracApp;
		};
		948B30D2293F6D27002202D3 /* PBXContainerItemProxy */ = {
			isa = PBXContainerItemProxy;
			containerPortal = 948B30A9293F6D26002202D3 /* Project object */;
			proxyType = 1;
			remoteGlobalIDString = 948B30B0293F6D26002202D3;
			remoteInfo = PresentationPracApp;
		};
/* End PBXContainerItemProxy section */

/* Begin PBXFileReference section */
		9451339E2945FE0A00F1AAAF /* AppleMapVC.swift */ = {isa = PBXFileReference; lastKnownFileType = sourcecode.swift; path = AppleMapVC.swift; sourceTree = "<group>"; };
		945133A02945FE1E00F1AAAF /* AppleMapView.storyboard */ = {isa = PBXFileReference; lastKnownFileType = file.storyboard; path = AppleMapView.storyboard; sourceTree = "<group>"; };
		945133A32945FED000F1AAAF /* MarkersModel.swift */ = {isa = PBXFileReference; lastKnownFileType = sourcecode.swift; path = MarkersModel.swift; sourceTree = "<group>"; };
		948B30B1293F6D26002202D3 /* PresentationPracApp.app */ = {isa = PBXFileReference; explicitFileType = wrapper.application; includeInIndex = 0; path = PresentationPracApp.app; sourceTree = BUILT_PRODUCTS_DIR; };
		948B30B4293F6D26002202D3 /* AppDelegate.swift */ = {isa = PBXFileReference; lastKnownFileType = sourcecode.swift; path = AppDelegate.swift; sourceTree = "<group>"; };
		948B30B6293F6D26002202D3 /* SceneDelegate.swift */ = {isa = PBXFileReference; lastKnownFileType = sourcecode.swift; path = SceneDelegate.swift; sourceTree = "<group>"; };
		948B30B8293F6D26002202D3 /* ViewController.swift */ = {isa = PBXFileReference; lastKnownFileType = sourcecode.swift; path = ViewController.swift; sourceTree = "<group>"; };
		948B30BB293F6D26002202D3 /* Base */ = {isa = PBXFileReference; lastKnownFileType = file.storyboard; name = Base; path = Base.lproj/Main.storyboard; sourceTree = "<group>"; };
		948B30BD293F6D27002202D3 /* Assets.xcassets */ = {isa = PBXFileReference; lastKnownFileType = folder.assetcatalog; path = Assets.xcassets; sourceTree = "<group>"; };
		948B30C0293F6D27002202D3 /* Base */ = {isa = PBXFileReference; lastKnownFileType = file.storyboard; name = Base; path = Base.lproj/LaunchScreen.storyboard; sourceTree = "<group>"; };
		948B30C2293F6D27002202D3 /* Info.plist */ = {isa = PBXFileReference; lastKnownFileType = text.plist.xml; path = Info.plist; sourceTree = "<group>"; };
		948B30C7293F6D27002202D3 /* PresentationPracAppTests.xctest */ = {isa = PBXFileReference; explicitFileType = wrapper.cfbundle; includeInIndex = 0; path = PresentationPracAppTests.xctest; sourceTree = BUILT_PRODUCTS_DIR; };
		948B30CB293F6D27002202D3 /* PresentationPracAppTests.swift */ = {isa = PBXFileReference; lastKnownFileType = sourcecode.swift; path = PresentationPracAppTests.swift; sourceTree = "<group>"; };
		948B30D1293F6D27002202D3 /* PresentationPracAppUITests.xctest */ = {isa = PBXFileReference; explicitFileType = wrapper.cfbundle; includeInIndex = 0; path = PresentationPracAppUITests.xctest; sourceTree = BUILT_PRODUCTS_DIR; };
		948B30D5293F6D27002202D3 /* PresentationPracAppUITests.swift */ = {isa = PBXFileReference; lastKnownFileType = sourcecode.swift; path = PresentationPracAppUITests.swift; sourceTree = "<group>"; };
		948B30D7293F6D27002202D3 /* PresentationPracAppUITestsLaunchTests.swift */ = {isa = PBXFileReference; lastKnownFileType = sourcecode.swift; path = PresentationPracAppUITestsLaunchTests.swift; sourceTree = "<group>"; };
		948B30E5293F76BC002202D3 /* presentationSlide.xib */ = {isa = PBXFileReference; lastKnownFileType = file.xib; path = presentationSlide.xib; sourceTree = "<group>"; };
		948B30E8293F7952002202D3 /* PresentationSlideView.swift */ = {isa = PBXFileReference; lastKnownFileType = sourcecode.swift; path = PresentationSlideView.swift; sourceTree = "<group>"; };
/* End PBXFileReference section */

/* Begin PBXFrameworksBuildPhase section */
		948B30AE293F6D26002202D3 /* Frameworks */ = {
			isa = PBXFrameworksBuildPhase;
			buildActionMask = 2147483647;
			files = (
			);
			runOnlyForDeploymentPostprocessing = 0;
		};
		948B30C4293F6D27002202D3 /* Frameworks */ = {
			isa = PBXFrameworksBuildPhase;
			buildActionMask = 2147483647;
			files = (
			);
			runOnlyForDeploymentPostprocessing = 0;
		};
		948B30CE293F6D27002202D3 /* Frameworks */ = {
			isa = PBXFrameworksBuildPhase;
			buildActionMask = 2147483647;
			files = (
			);
			runOnlyForDeploymentPostprocessing = 0;
		};
/* End PBXFrameworksBuildPhase section */

/* Begin PBXGroup section */
		945133A22945FEA900F1AAAF /* Model */ = {
			isa = PBXGroup;
			children = (
				945133A32945FED000F1AAAF /* MarkersModel.swift */,
			);
			path = Model;
			sourceTree = "<group>";
		};
		948B30A8293F6D26002202D3 = {
			isa = PBXGroup;
			children = (
				948B30B3293F6D26002202D3 /* PresentationPracApp */,
				948B30CA293F6D27002202D3 /* PresentationPracAppTests */,
				948B30D4293F6D27002202D3 /* PresentationPracAppUITests */,
				948B30B2293F6D26002202D3 /* Products */,
			);
			sourceTree = "<group>";
		};
		948B30B2293F6D26002202D3 /* Products */ = {
			isa = PBXGroup;
			children = (
				948B30B1293F6D26002202D3 /* PresentationPracApp.app */,
				948B30C7293F6D27002202D3 /* PresentationPracAppTests.xctest */,
				948B30D1293F6D27002202D3 /* PresentationPracAppUITests.xctest */,
			);
			name = Products;
			sourceTree = "<group>";
		};
		948B30B3293F6D26002202D3 /* PresentationPracApp */ = {
			isa = PBXGroup;
			children = (
				948B30B4293F6D26002202D3 /* AppDelegate.swift */,
				948B30B6293F6D26002202D3 /* SceneDelegate.swift */,
				948B30BD293F6D27002202D3 /* Assets.xcassets */,
				948B30C2293F6D27002202D3 /* Info.plist */,
				945133A22945FEA900F1AAAF /* Model */,
				948B30E7293F774D002202D3 /* Views */,
				948B30E4293F7698002202D3 /* Storyboard */,
			);
			path = PresentationPracApp;
			sourceTree = "<group>";
		};
		948B30CA293F6D27002202D3 /* PresentationPracAppTests */ = {
			isa = PBXGroup;
			children = (
				948B30CB293F6D27002202D3 /* PresentationPracAppTests.swift */,
			);
			path = PresentationPracAppTests;
			sourceTree = "<group>";
		};
		948B30D4293F6D27002202D3 /* PresentationPracAppUITests */ = {
			isa = PBXGroup;
			children = (
				948B30D5293F6D27002202D3 /* PresentationPracAppUITests.swift */,
				948B30D7293F6D27002202D3 /* PresentationPracAppUITestsLaunchTests.swift */,
			);
			path = PresentationPracAppUITests;
			sourceTree = "<group>";
		};
		948B30E4293F7698002202D3 /* Storyboard */ = {
			isa = PBXGroup;
			children = (
				948B30BF293F6D27002202D3 /* LaunchScreen.storyboard */,
				948B30BA293F6D26002202D3 /* Main.storyboard */,
				948B30E5293F76BC002202D3 /* presentationSlide.xib */,
				945133A02945FE1E00F1AAAF /* AppleMapView.storyboard */,
			);
			path = Storyboard;
			sourceTree = "<group>";
		};
		948B30E7293F774D002202D3 /* Views */ = {
			isa = PBXGroup;
			children = (
				948B30B8293F6D26002202D3 /* ViewController.swift */,
				948B30E8293F7952002202D3 /* PresentationSlideView.swift */,
				9451339E2945FE0A00F1AAAF /* AppleMapVC.swift */,
			);
			path = Views;
			sourceTree = "<group>";
		};
/* End PBXGroup section */

/* Begin PBXNativeTarget section */
		948B30B0293F6D26002202D3 /* PresentationPracApp */ = {
			isa = PBXNativeTarget;
			buildConfigurationList = 948B30DB293F6D27002202D3 /* Build configuration list for PBXNativeTarget "PresentationPracApp" */;
			buildPhases = (
				948B30AD293F6D26002202D3 /* Sources */,
				948B30AE293F6D26002202D3 /* Frameworks */,
				948B30AF293F6D26002202D3 /* Resources */,
			);
			buildRules = (
			);
			dependencies = (
			);
			name = PresentationPracApp;
			productName = PresentationPracApp;
			productReference = 948B30B1293F6D26002202D3 /* PresentationPracApp.app */;
			productType = "com.apple.product-type.application";
		};
		948B30C6293F6D27002202D3 /* PresentationPracAppTests */ = {
			isa = PBXNativeTarget;
			buildConfigurationList = 948B30DE293F6D27002202D3 /* Build configuration list for PBXNativeTarget "PresentationPracAppTests" */;
			buildPhases = (
				948B30C3293F6D27002202D3 /* Sources */,
				948B30C4293F6D27002202D3 /* Frameworks */,
				948B30C5293F6D27002202D3 /* Resources */,
			);
			buildRules = (
			);
			dependencies = (
				948B30C9293F6D27002202D3 /* PBXTargetDependency */,
			);
			name = PresentationPracAppTests;
			productName = PresentationPracAppTests;
			productReference = 948B30C7293F6D27002202D3 /* PresentationPracAppTests.xctest */;
			productType = "com.apple.product-type.bundle.unit-test";
		};
		948B30D0293F6D27002202D3 /* PresentationPracAppUITests */ = {
			isa = PBXNativeTarget;
			buildConfigurationList = 948B30E1293F6D27002202D3 /* Build configuration list for PBXNativeTarget "PresentationPracAppUITests" */;
			buildPhases = (
				948B30CD293F6D27002202D3 /* Sources */,
				948B30CE293F6D27002202D3 /* Frameworks */,
				948B30CF293F6D27002202D3 /* Resources */,
			);
			buildRules = (
			);
			dependencies = (
				948B30D3293F6D27002202D3 /* PBXTargetDependency */,
			);
			name = PresentationPracAppUITests;
			productName = PresentationPracAppUITests;
			productReference = 948B30D1293F6D27002202D3 /* PresentationPracAppUITests.xctest */;
			productType = "com.apple.product-type.bundle.ui-testing";
		};
/* End PBXNativeTarget section */

/* Begin PBXProject section */
		948B30A9293F6D26002202D3 /* Project object */ = {
			isa = PBXProject;
			attributes = {
				BuildIndependentTargetsInParallel = 1;
				LastSwiftUpdateCheck = 1410;
				LastUpgradeCheck = 1410;
				TargetAttributes = {
					948B30B0293F6D26002202D3 = {
						CreatedOnToolsVersion = 14.1;
					};
					948B30C6293F6D27002202D3 = {
						CreatedOnToolsVersion = 14.1;
						TestTargetID = 948B30B0293F6D26002202D3;
					};
					948B30D0293F6D27002202D3 = {
						CreatedOnToolsVersion = 14.1;
						TestTargetID = 948B30B0293F6D26002202D3;
					};
				};
			};
			buildConfigurationList = 948B30AC293F6D26002202D3 /* Build configuration list for PBXProject "PresentationPracApp" */;
			compatibilityVersion = "Xcode 14.0";
			developmentRegion = en;
			hasScannedForEncodings = 0;
			knownRegions = (
				en,
				Base,
			);
			mainGroup = 948B30A8293F6D26002202D3;
			productRefGroup = 948B30B2293F6D26002202D3 /* Products */;
			projectDirPath = "";
			projectRoot = "";
			targets = (
				948B30B0293F6D26002202D3 /* PresentationPracApp */,
				948B30C6293F6D27002202D3 /* PresentationPracAppTests */,
				948B30D0293F6D27002202D3 /* PresentationPracAppUITests */,
			);
		};
/* End PBXProject section */

/* Begin PBXResourcesBuildPhase section */
		948B30AF293F6D26002202D3 /* Resources */ = {
			isa = PBXResourcesBuildPhase;
			buildActionMask = 2147483647;
			files = (
				948B30C1293F6D27002202D3 /* LaunchScreen.storyboard in Resources */,
				948B30BE293F6D27002202D3 /* Assets.xcassets in Resources */,
				948B30BC293F6D26002202D3 /* Main.storyboard in Resources */,
				948B30E6293F76BC002202D3 /* presentationSlide.xib in Resources */,
				945133A12945FE1E00F1AAAF /* AppleMapView.storyboard in Resources */,
			);
			runOnlyForDeploymentPostprocessing = 0;
		};
		948B30C5293F6D27002202D3 /* Resources */ = {
			isa = PBXResourcesBuildPhase;
			buildActionMask = 2147483647;
			files = (
			);
			runOnlyForDeploymentPostprocessing = 0;
		};
		948B30CF293F6D27002202D3 /* Resources */ = {
			isa = PBXResourcesBuildPhase;
			buildActionMask = 2147483647;
			files = (
			);
			runOnlyForDeploymentPostprocessing = 0;
		};
/* End PBXResourcesBuildPhase section */

/* Begin PBXSourcesBuildPhase section */
		948B30AD293F6D26002202D3 /* Sources */ = {
			isa = PBXSourcesBuildPhase;
			buildActionMask = 2147483647;
			files = (
				9451339F2945FE0A00F1AAAF /* AppleMapVC.swift in Sources */,
				948B30B9293F6D26002202D3 /* ViewController.swift in Sources */,
				948B30B5293F6D26002202D3 /* AppDelegate.swift in Sources */,
				945133A42945FED000F1AAAF /* MarkersModel.swift in Sources */,
				948B30E9293F7952002202D3 /* PresentationSlideView.swift in Sources */,
				948B30B7293F6D26002202D3 /* SceneDelegate.swift in Sources */,
			);
			runOnlyForDeploymentPostprocessing = 0;
		};
		948B30C3293F6D27002202D3 /* Sources */ = {
			isa = PBXSourcesBuildPhase;
			buildActionMask = 2147483647;
			files = (
				948B30CC293F6D27002202D3 /* PresentationPracAppTests.swift in Sources */,
			);
			runOnlyForDeploymentPostprocessing = 0;
		};
		948B30CD293F6D27002202D3 /* Sources */ = {
			isa = PBXSourcesBuildPhase;
			buildActionMask = 2147483647;
			files = (
				948B30D8293F6D27002202D3 /* PresentationPracAppUITestsLaunchTests.swift in Sources */,
				948B30D6293F6D27002202D3 /* PresentationPracAppUITests.swift in Sources */,
			);
			runOnlyForDeploymentPostprocessing = 0;
		};
/* End PBXSourcesBuildPhase section */

/* Begin PBXTargetDependency section */
		948B30C9293F6D27002202D3 /* PBXTargetDependency */ = {
			isa = PBXTargetDependency;
			target = 948B30B0293F6D26002202D3 /* PresentationPracApp */;
			targetProxy = 948B30C8293F6D27002202D3 /* PBXContainerItemProxy */;
		};
		948B30D3293F6D27002202D3 /* PBXTargetDependency */ = {
			isa = PBXTargetDependency;
			target = 948B30B0293F6D26002202D3 /* PresentationPracApp */;
			targetProxy = 948B30D2293F6D27002202D3 /* PBXContainerItemProxy */;
		};
/* End PBXTargetDependency section */

/* Begin PBXVariantGroup section */
		948B30BA293F6D26002202D3 /* Main.storyboard */ = {
			isa = PBXVariantGroup;
			children = (
				948B30BB293F6D26002202D3 /* Base */,
			);
			name = Main.storyboard;
			sourceTree = "<group>";
		};
		948B30BF293F6D27002202D3 /* LaunchScreen.storyboard */ = {
			isa = PBXVariantGroup;
			children = (
				948B30C0293F6D27002202D3 /* Base */,
			);
			name = LaunchScreen.storyboard;
			sourceTree = "<group>";
		};
/* End PBXVariantGroup section */

/* Begin XCBuildConfiguration section */
		948B30D9293F6D27002202D3 /* Debug */ = {
			isa = XCBuildConfiguration;
			buildSettings = {
				ALWAYS_SEARCH_USER_PATHS = NO;
				CLANG_ANALYZER_NONNULL = YES;
				CLANG_ANALYZER_NUMBER_OBJECT_CONVERSION = YES_AGGRESSIVE;
				CLANG_CXX_LANGUAGE_STANDARD = "gnu++20";
				CLANG_ENABLE_MODULES = YES;
				CLANG_ENABLE_OBJC_ARC = YES;
				CLANG_ENABLE_OBJC_WEAK = YES;
				CLANG_WARN_BLOCK_CAPTURE_AUTORELEASING = YES;
				CLANG_WARN_BOOL_CONVERSION = YES;
				CLANG_WARN_COMMA = YES;
				CLANG_WARN_CONSTANT_CONVERSION = YES;
				CLANG_WARN_DEPRECATED_OBJC_IMPLEMENTATIONS = YES;
				CLANG_WARN_DIRECT_OBJC_ISA_USAGE = YES_ERROR;
				CLANG_WARN_DOCUMENTATION_COMMENTS = YES;
				CLANG_WARN_EMPTY_BODY = YES;
				CLANG_WARN_ENUM_CONVERSION = YES;
				CLANG_WARN_INFINITE_RECURSION = YES;
				CLANG_WARN_INT_CONVERSION = YES;
				CLANG_WARN_NON_LITERAL_NULL_CONVERSION = YES;
				CLANG_WARN_OBJC_IMPLICIT_RETAIN_SELF = YES;
				CLANG_WARN_OBJC_LITERAL_CONVERSION = YES;
				CLANG_WARN_OBJC_ROOT_CLASS = YES_ERROR;
				CLANG_WARN_QUOTED_INCLUDE_IN_FRAMEWORK_HEADER = YES;
				CLANG_WARN_RANGE_LOOP_ANALYSIS = YES;
				CLANG_WARN_STRICT_PROTOTYPES = YES;
				CLANG_WARN_SUSPICIOUS_MOVE = YES;
				CLANG_WARN_UNGUARDED_AVAILABILITY = YES_AGGRESSIVE;
				CLANG_WARN_UNREACHABLE_CODE = YES;
				CLANG_WARN__DUPLICATE_METHOD_MATCH = YES;
				COPY_PHASE_STRIP = NO;
				DEBUG_INFORMATION_FORMAT = dwarf;
				ENABLE_STRICT_OBJC_MSGSEND = YES;
				ENABLE_TESTABILITY = YES;
				GCC_C_LANGUAGE_STANDARD = gnu11;
				GCC_DYNAMIC_NO_PIC = NO;
				GCC_NO_COMMON_BLOCKS = YES;
				GCC_OPTIMIZATION_LEVEL = 0;
				GCC_PREPROCESSOR_DEFINITIONS = (
					"DEBUG=1",
					"$(inherited)",
				);
				GCC_WARN_64_TO_32_BIT_CONVERSION = YES;
				GCC_WARN_ABOUT_RETURN_TYPE = YES_ERROR;
				GCC_WARN_UNDECLARED_SELECTOR = YES;
				GCC_WARN_UNINITIALIZED_AUTOS = YES_AGGRESSIVE;
				GCC_WARN_UNUSED_FUNCTION = YES;
				GCC_WARN_UNUSED_VARIABLE = YES;
				IPHONEOS_DEPLOYMENT_TARGET = 16.1;
				MTL_ENABLE_DEBUG_INFO = INCLUDE_SOURCE;
				MTL_FAST_MATH = YES;
				ONLY_ACTIVE_ARCH = YES;
				SDKROOT = iphoneos;
				SWIFT_ACTIVE_COMPILATION_CONDITIONS = DEBUG;
				SWIFT_OPTIMIZATION_LEVEL = "-Onone";
			};
			name = Debug;
		};
		948B30DA293F6D27002202D3 /* Release */ = {
			isa = XCBuildConfiguration;
			buildSettings = {
				ALWAYS_SEARCH_USER_PATHS = NO;
				CLANG_ANALYZER_NONNULL = YES;
				CLANG_ANALYZER_NUMBER_OBJECT_CONVERSION = YES_AGGRESSIVE;
				CLANG_CXX_LANGUAGE_STANDARD = "gnu++20";
				CLANG_ENABLE_MODULES = YES;
				CLANG_ENABLE_OBJC_ARC = YES;
				CLANG_ENABLE_OBJC_WEAK = YES;
				CLANG_WARN_BLOCK_CAPTURE_AUTORELEASING = YES;
				CLANG_WARN_BOOL_CONVERSION = YES;
				CLANG_WARN_COMMA = YES;
				CLANG_WARN_CONSTANT_CONVERSION = YES;
				CLANG_WARN_DEPRECATED_OBJC_IMPLEMENTATIONS = YES;
				CLANG_WARN_DIRECT_OBJC_ISA_USAGE = YES_ERROR;
				CLANG_WARN_DOCUMENTATION_COMMENTS = YES;
				CLANG_WARN_EMPTY_BODY = YES;
				CLANG_WARN_ENUM_CONVERSION = YES;
				CLANG_WARN_INFINITE_RECURSION = YES;
				CLANG_WARN_INT_CONVERSION = YES;
				CLANG_WARN_NON_LITERAL_NULL_CONVERSION = YES;
				CLANG_WARN_OBJC_IMPLICIT_RETAIN_SELF = YES;
				CLANG_WARN_OBJC_LITERAL_CONVERSION = YES;
				CLANG_WARN_OBJC_ROOT_CLASS = YES_ERROR;
				CLANG_WARN_QUOTED_INCLUDE_IN_FRAMEWORK_HEADER = YES;
				CLANG_WARN_RANGE_LOOP_ANALYSIS = YES;
				CLANG_WARN_STRICT_PROTOTYPES = YES;
				CLANG_WARN_SUSPICIOUS_MOVE = YES;
				CLANG_WARN_UNGUARDED_AVAILABILITY = YES_AGGRESSIVE;
				CLANG_WARN_UNREACHABLE_CODE = YES;
				CLANG_WARN__DUPLICATE_METHOD_MATCH = YES;
				COPY_PHASE_STRIP = NO;
				DEBUG_INFORMATION_FORMAT = "dwarf-with-dsym";
				ENABLE_NS_ASSERTIONS = NO;
				ENABLE_STRICT_OBJC_MSGSEND = YES;
				GCC_C_LANGUAGE_STANDARD = gnu11;
				GCC_NO_COMMON_BLOCKS = YES;
				GCC_WARN_64_TO_32_BIT_CONVERSION = YES;
				GCC_WARN_ABOUT_RETURN_TYPE = YES_ERROR;
				GCC_WARN_UNDECLARED_SELECTOR = YES;
				GCC_WARN_UNINITIALIZED_AUTOS = YES_AGGRESSIVE;
				GCC_WARN_UNUSED_FUNCTION = YES;
				GCC_WARN_UNUSED_VARIABLE = YES;
				IPHONEOS_DEPLOYMENT_TARGET = 16.1;
				MTL_ENABLE_DEBUG_INFO = NO;
				MTL_FAST_MATH = YES;
				SDKROOT = iphoneos;
				SWIFT_COMPILATION_MODE = wholemodule;
				SWIFT_OPTIMIZATION_LEVEL = "-O";
				VALIDATE_PRODUCT = YES;
			};
			name = Release;
		};
		948B30DC293F6D27002202D3 /* Debug */ = {
			isa = XCBuildConfiguration;
			buildSettings = {
				ASSETCATALOG_COMPILER_APPICON_NAME = AppIcon;
				ASSETCATALOG_COMPILER_GLOBAL_ACCENT_COLOR_NAME = AccentColor;
				CODE_SIGN_STYLE = Automatic;
				CURRENT_PROJECT_VERSION = 1;
				DEVELOPMENT_TEAM = UNTPRP3C66;
				GENERATE_INFOPLIST_FILE = YES;
				INFOPLIST_FILE = PresentationPracApp/Info.plist;
				INFOPLIST_KEY_UIApplicationSupportsIndirectInputEvents = YES;
				INFOPLIST_KEY_UILaunchStoryboardName = LaunchScreen;
				INFOPLIST_KEY_UIMainStoryboardFile = Main;
				INFOPLIST_KEY_UISupportedInterfaceOrientations_iPad = "UIInterfaceOrientationPortrait UIInterfaceOrientationPortraitUpsideDown UIInterfaceOrientationLandscapeLeft UIInterfaceOrientationLandscapeRight";
				INFOPLIST_KEY_UISupportedInterfaceOrientations_iPhone = "UIInterfaceOrientationPortrait UIInterfaceOrientationLandscapeLeft UIInterfaceOrientationLandscapeRight";
				LD_RUNPATH_SEARCH_PATHS = (
					"$(inherited)",
					"@executable_path/Frameworks",
				);
				MARKETING_VERSION = 1.0;
				PRODUCT_BUNDLE_IDENTIFIER = jp.kyulee.PresentationPracApp;
				PRODUCT_NAME = "$(TARGET_NAME)";
				SWIFT_EMIT_LOC_STRINGS = YES;
				SWIFT_VERSION = 5.0;
				TARGETED_DEVICE_FAMILY = "1,2";
			};
			name = Debug;
		};
		948B30DD293F6D27002202D3 /* Release */ = {
			isa = XCBuildConfiguration;
			buildSettings = {
				ASSETCATALOG_COMPILER_APPICON_NAME = AppIcon;
				ASSETCATALOG_COMPILER_GLOBAL_ACCENT_COLOR_NAME = AccentColor;
				CODE_SIGN_STYLE = Automatic;
				CURRENT_PROJECT_VERSION = 1;
				DEVELOPMENT_TEAM = UNTPRP3C66;
				GENERATE_INFOPLIST_FILE = YES;
				INFOPLIST_FILE = PresentationPracApp/Info.plist;
				INFOPLIST_KEY_UIApplicationSupportsIndirectInputEvents = YES;
				INFOPLIST_KEY_UILaunchStoryboardName = LaunchScreen;
				INFOPLIST_KEY_UIMainStoryboardFile = Main;
				INFOPLIST_KEY_UISupportedInterfaceOrientations_iPad = "UIInterfaceOrientationPortrait UIInterfaceOrientationPortraitUpsideDown UIInterfaceOrientationLandscapeLeft UIInterfaceOrientationLandscapeRight";
				INFOPLIST_KEY_UISupportedInterfaceOrientations_iPhone = "UIInterfaceOrientationPortrait UIInterfaceOrientationLandscapeLeft UIInterfaceOrientationLandscapeRight";
				LD_RUNPATH_SEARCH_PATHS = (
					"$(inherited)",
					"@executable_path/Frameworks",
				);
				MARKETING_VERSION = 1.0;
				PRODUCT_BUNDLE_IDENTIFIER = jp.kyulee.PresentationPracApp;
				PRODUCT_NAME = "$(TARGET_NAME)";
				SWIFT_EMIT_LOC_STRINGS = YES;
				SWIFT_VERSION = 5.0;
				TARGETED_DEVICE_FAMILY = "1,2";
			};
			name = Release;
		};
		948B30DF293F6D27002202D3 /* Debug */ = {
			isa = XCBuildConfiguration;
			buildSettings = {
				ALWAYS_EMBED_SWIFT_STANDARD_LIBRARIES = YES;
				BUNDLE_LOADER = "$(TEST_HOST)";
				CODE_SIGN_STYLE = Automatic;
				CURRENT_PROJECT_VERSION = 1;
				DEVELOPMENT_TEAM = UNTPRP3C66;
				GENERATE_INFOPLIST_FILE = YES;
				IPHONEOS_DEPLOYMENT_TARGET = 16.1;
				MARKETING_VERSION = 1.0;
				PRODUCT_BUNDLE_IDENTIFIER = jp.kyulee.PresentationPracAppTests;
				PRODUCT_NAME = "$(TARGET_NAME)";
				SWIFT_EMIT_LOC_STRINGS = NO;
				SWIFT_VERSION = 5.0;
				TARGETED_DEVICE_FAMILY = "1,2";
				TEST_HOST = "$(BUILT_PRODUCTS_DIR)/PresentationPracApp.app/$(BUNDLE_EXECUTABLE_FOLDER_PATH)/PresentationPracApp";
			};
			name = Debug;
		};
		948B30E0293F6D27002202D3 /* Release */ = {
			isa = XCBuildConfiguration;
			buildSettings = {
				ALWAYS_EMBED_SWIFT_STANDARD_LIBRARIES = YES;
				BUNDLE_LOADER = "$(TEST_HOST)";
				CODE_SIGN_STYLE = Automatic;
				CURRENT_PROJECT_VERSION = 1;
				DEVELOPMENT_TEAM = UNTPRP3C66;
				GENERATE_INFOPLIST_FILE = YES;
				IPHONEOS_DEPLOYMENT_TARGET = 16.1;
				MARKETING_VERSION = 1.0;
				PRODUCT_BUNDLE_IDENTIFIER = jp.kyulee.PresentationPracAppTests;
				PRODUCT_NAME = "$(TARGET_NAME)";
				SWIFT_EMIT_LOC_STRINGS = NO;
				SWIFT_VERSION = 5.0;
				TARGETED_DEVICE_FAMILY = "1,2";
				TEST_HOST = "$(BUILT_PRODUCTS_DIR)/PresentationPracApp.app/$(BUNDLE_EXECUTABLE_FOLDER_PATH)/PresentationPracApp";
			};
			name = Release;
		};
		948B30E2293F6D27002202D3 /* Debug */ = {
			isa = XCBuildConfiguration;
			buildSettings = {
				ALWAYS_EMBED_SWIFT_STANDARD_LIBRARIES = YES;
				CODE_SIGN_STYLE = Automatic;
				CURRENT_PROJECT_VERSION = 1;
				DEVELOPMENT_TEAM = UNTPRP3C66;
				GENERATE_INFOPLIST_FILE = YES;
				MARKETING_VERSION = 1.0;
				PRODUCT_BUNDLE_IDENTIFIER = jp.kyulee.PresentationPracAppUITests;
				PRODUCT_NAME = "$(TARGET_NAME)";
				SWIFT_EMIT_LOC_STRINGS = NO;
				SWIFT_VERSION = 5.0;
				TARGETED_DEVICE_FAMILY = "1,2";
				TEST_TARGET_NAME = PresentationPracApp;
			};
			name = Debug;
		};
		948B30E3293F6D27002202D3 /* Release */ = {
			isa = XCBuildConfiguration;
			buildSettings = {
				ALWAYS_EMBED_SWIFT_STANDARD_LIBRARIES = YES;
				CODE_SIGN_STYLE = Automatic;
				CURRENT_PROJECT_VERSION = 1;
				DEVELOPMENT_TEAM = UNTPRP3C66;
				GENERATE_INFOPLIST_FILE = YES;
				MARKETING_VERSION = 1.0;
				PRODUCT_BUNDLE_IDENTIFIER = jp.kyulee.PresentationPracAppUITests;
				PRODUCT_NAME = "$(TARGET_NAME)";
				SWIFT_EMIT_LOC_STRINGS = NO;
				SWIFT_VERSION = 5.0;
				TARGETED_DEVICE_FAMILY = "1,2";
				TEST_TARGET_NAME = PresentationPracApp;
			};
			name = Release;
		};
/* End XCBuildConfiguration section */

/* Begin XCConfigurationList section */
		948B30AC293F6D26002202D3 /* Build configuration list for PBXProject "PresentationPracApp" */ = {
			isa = XCConfigurationList;
			buildConfigurations = (
				948B30D9293F6D27002202D3 /* Debug */,
				948B30DA293F6D27002202D3 /* Release */,
			);
			defaultConfigurationIsVisible = 0;
			defaultConfigurationName = Release;
		};
		948B30DB293F6D27002202D3 /* Build configuration list for PBXNativeTarget "PresentationPracApp" */ = {
			isa = XCConfigurationList;
			buildConfigurations = (
				948B30DC293F6D27002202D3 /* Debug */,
				948B30DD293F6D27002202D3 /* Release */,
			);
			defaultConfigurationIsVisible = 0;
			defaultConfigurationName = Release;
		};
		948B30DE293F6D27002202D3 /* Build configuration list for PBXNativeTarget "PresentationPracAppTests" */ = {
			isa = XCConfigurationList;
			buildConfigurations = (
				948B30DF293F6D27002202D3 /* Debug */,
				948B30E0293F6D27002202D3 /* Release */,
			);
			defaultConfigurationIsVisible = 0;
			defaultConfigurationName = Release;
		};
		948B30E1293F6D27002202D3 /* Build configuration list for PBXNativeTarget "PresentationPracAppUITests" */ = {
			isa = XCConfigurationList;
			buildConfigurations = (
				948B30E2293F6D27002202D3 /* Debug */,
				948B30E3293F6D27002202D3 /* Release */,
			);
			defaultConfigurationIsVisible = 0;
			defaultConfigurationName = Release;
		};
/* End XCConfigurationList section */
	};
	rootObject = 948B30A9293F6D26002202D3 /* Project object */;
}
